{
  "originHash" : "c6f16f6303abce1fc59f8dad3d4c34bbc41ef49bffcda47d7c33c84e2d064b35",
  "pins" : [
    {
      "identity" : "h",
      "kind" : "remoteSourceControl",
      "location" : "https://github.com/rarestype/h",
      "state" : {
        "revision" : "aa3626829160917d4378330617971977cbd78f5b",
        "version" : "1.0.1"
      }
    },
    {
      "identity" : "nativediffkit",
      "kind" : "remoteSourceControl",
      "location" : "https://github.com/everlof/NativeDiffKit.git",
      "state" : {
        "revision" : "363c6197d8e334fa0aaf30550fb0a0bcac540e71",
        "version" : "0.1.1"
      }
    },
    {
      "identity" : "sparkle",
      "kind" : "remoteSourceControl",
      "location" : "https://github.com/sparkle-project/Sparkle",
      "state" : {
        "revision" : "b6496a74a087257ef5e6da1c5b29a447a60f5bd7",
        "version" : "2.9.4"
      }
    },
    {
      "identity" : "swift-argument-parser",
      "kind" : "remoteSourceControl",
      "location" : "https://github.com/apple/swift-argument-parser",
      "state" : {
        "revision" : "6a52f3251125d74daf04fcbd5e6f08a75d074382",
        "version" : "1.8.2"
      }
    },
    {
      "identity" : "swift-png",
      "kind" : "remoteSourceControl",
      "location" : "https://github.com/tayloraswift/swift-png",
      "state" : {
        "revision" : "8a0bcd4df5e4b307c804937776a56dd6ecdf6396",
        "version" : "4.5.1"
      }
    },
    {
      "identity" : "swift-system",
      "kind" : "remoteSourceControl",
      "location" : "https://github.com/apple/swift-system",
      "state" : {
        "revision" : "395a77f0aa927f0ff73941d7ac35f2b46d47c9db",
        "version" : "1.6.3"
      }
    },
    {
      "identity" : "wasmkit",
      "kind" : "remoteSourceControl",
      "location" : "https://github.com/swiftwasm/WasmKit",
      "state" : {
        "revision" : "827056b014e37da50e2645a7634fddb32e441f32",
        "version" : "0.1.6"
      }
    },
    {
      "identity" : "webrtc",
      "kind" : "remoteSourceControl",
      "location" : "https://github.com/stasel/WebRTC.git",
      "state" : {
        "revision" : "6ed87f05368632f71dc95c89c14c051561710925",
        "version" : "150.0.0"
      }
    }
  ],
  "version" : 3
}
