{
  "originHash" : "84e9768e05359a6caa1deee6840577a56d391d54c6dd81054934f7341a1215b5",
  "pins" : [
    {
      "identity" : "nativediffkit",
      "kind" : "remoteSourceControl",
      "location" : "https://github.com/everlof/NativeDiffKit.git",
      "state" : {
        "revision" : "363c6197d8e334fa0aaf30550fb0a0bcac540e71",
        "version" : "0.1.1"
      }
    },
    {
      "identity" : "swift-argument-parser",
      "kind" : "remoteSourceControl",
      "location" : "https://github.com/apple/swift-argument-parser",
      "state" : {
        "revision" : "cdd0ef3755280949551dc26dee5de9ddeda89f54",
        "version" : "1.6.2"
      }
    },
    {
      "identity" : "swift-system",
      "kind" : "remoteSourceControl",
      "location" : "https://github.com/apple/swift-system",
      "state" : {
        "revision" : "395a77f0aa927f0ff73941d7ac35f2b46d47c9db",
        "version" : "1.6.3"
      }
    },
    {
      "identity" : "wasmkit",
      "kind" : "remoteSourceControl",
      "location" : "https://github.com/swiftwasm/WasmKit",
      "state" : {
        "revision" : "827056b014e37da50e2645a7634fddb32e441f32",
        "version" : "0.1.6"
      }
    }
  ],
  "version" : 3
}
