// !$*UTF8*$!
{
	archiveVersion = 1;
	classes = {
	};
	objectVersion = 70;
	objects = {

/* Begin PBXBuildFile section */
		33E3632E648F76FBA596F672 /* TranscriptReplayTests.swift in Sources */ = {isa = PBXBuildFile; fileRef = B81A3E96D9BFC8F08FC1DA31 /* TranscriptReplayTests.swift */; };
		D12026070000000000000006 /* StreamSessionLifecycleTests.swift in Sources */ = {isa = PBXBuildFile; fileRef = D12026070000000000000005 /* StreamSessionLifecycleTests.swift */; };
		D12026070000000000000004 /* PermissionRequestViewTests.swift in Sources */ = {isa = PBXBuildFile; fileRef = D12026070000000000000003 /* PermissionRequestViewTests.swift */; };
		D12026070000000000000002 /* MCPSessionRegistryTests.swift in Sources */ = {isa = PBXBuildFile; fileRef = D12026070000000000000001 /* MCPSessionRegistryTests.swift */; };
		A10000010000000000000002 /* StateManagerTests.swift in Sources */ = {isa = PBXBuildFile; fileRef = A10000010000000000000001 /* StateManagerTests.swift */; };
		A10000020000000000000002 /* DraftStoreTests.swift in Sources */ = {isa = PBXBuildFile; fileRef = A10000020000000000000001 /* DraftStoreTests.swift */; };
		A10000030000000000000002 /* EventLogTests.swift in Sources */ = {isa = PBXBuildFile; fileRef = A10000030000000000000001 /* EventLogTests.swift */; };
		A10000060000000000000002 /* GitDiffParserTests.swift in Sources */ = {isa = PBXBuildFile; fileRef = A10000060000000000000001 /* GitDiffParserTests.swift */; };
		A10000070000000000000002 /* GitStatusParserTests.swift in Sources */ = {isa = PBXBuildFile; fileRef = A10000070000000000000001 /* GitStatusParserTests.swift */; };
		A10000080000000000000002 /* GitReviewCommandsTests.swift in Sources */ = {isa = PBXBuildFile; fileRef = A10000080000000000000001 /* GitReviewCommandsTests.swift */; };
		A10000090000000000000002 /* GitReviewViewTests.swift in Sources */ = {isa = PBXBuildFile; fileRef = A10000090000000000000001 /* GitReviewViewTests.swift */; };
		A10000040000000000000002 /* PromptAttachmentTests.swift in Sources */ = {isa = PBXBuildFile; fileRef = A10000040000000000000001 /* PromptAttachmentTests.swift */; };
		A10000050000000000000002 /* AccountUsageSummaryTests.swift in Sources */ = {isa = PBXBuildFile; fileRef = A10000050000000000000001 /* AccountUsageSummaryTests.swift */; };
		B3428F33752A23B8DF9DA8F8 /* Cocoa.framework in Frameworks */ = {isa = PBXBuildFile; fileRef = DFC75BD17798FB18BE69A8D1 /* Cocoa.framework */; };
		C997F5C0451F5A25A2EF67AD /* ProjectIconTests.swift in Sources */ = {isa = PBXBuildFile; fileRef = A91BE2B549ED4A475793E903 /* ProjectIconTests.swift */; };
		CB865BD84ED28745D2A4C294 /* UsageForecastTests.swift in Sources */ = {isa = PBXBuildFile; fileRef = 696D173B6C5410C69CC97BE3 /* UsageForecastTests.swift */; };
		7B2722AEF9ED592DD011C293 /* TranscriptUsageIndexTests.swift in Sources */ = {isa = PBXBuildFile; fileRef = 63B1299073D75E9C4A00C29E /* TranscriptUsageIndexTests.swift */; };
		F1B216BA36D0993C9078732F /* DiskSpaceTests.swift in Sources */ = {isa = PBXBuildFile; fileRef = 7A7D8163AC93C023CE61034D /* DiskSpaceTests.swift */; };
		83FA7B157AC55CF7B3F151C5 /* ArtifactScannerTests.swift in Sources */ = {isa = PBXBuildFile; fileRef = 0D2D808FFCF4CFE11AE9BDD3 /* ArtifactScannerTests.swift */; };
		49022923B31CFED2F032E6EC /* SideChatTests.swift in Sources */ = {isa = PBXBuildFile; fileRef = 5B1CD8678C3E4CB8CC16E5D9 /* SideChatTests.swift */; };
		F1000001000000000000036 /* SwiftTerm in Frameworks */ = {isa = PBXBuildFile; productRef = F4000001000000000000001 /* SwiftTerm */; };
		F1000001000000000000037 /* ThinkingOrbs in Frameworks */ = {isa = PBXBuildFile; productRef = F4000001000000000000003 /* ThinkingOrbs */; };
		F1000001000000000000038 /* LabelMorph in Frameworks */ = {isa = PBXBuildFile; productRef = F4000001000000000000005 /* LabelMorph */; };
		2A84B6880DED3F071BEF4857 /* ConversationTimelineTests.swift in Sources */ = {isa = PBXBuildFile; fileRef = A755DEF013AAE066F8E4BF52 /* ConversationTimelineTests.swift */; };
		8CDE135AB43AE5B76A4E2CBD /* ConversationRenderTests.swift in Sources */ = {isa = PBXBuildFile; fileRef = 343BD88FEDB478E81C5F893B /* ConversationRenderTests.swift */; };
		E15000010000000000000002 /* HotPathCacheTests.swift in Sources */ = {isa = PBXBuildFile; fileRef = E15000010000000000000001 /* HotPathCacheTests.swift */; };
		5952B9612FE334718FFF91F1 /* ConversationMinimapTests.swift in Sources */ = {isa = PBXBuildFile; fileRef = 6351D65718BB714AF03F855E /* ConversationMinimapTests.swift */; };
		52FE6DECCC10EF3C290A449A /* GitCheckoutWatcherTests.swift in Sources */ = {isa = PBXBuildFile; fileRef = 97CBF23D6F1E81467057C62E /* GitCheckoutWatcherTests.swift */; };
		E0F2A94B880869D0B3ABF95A /* SyntaxTests.swift in Sources */ = {isa = PBXBuildFile; fileRef = A033866F2A5F56AB0B49A8BF /* SyntaxTests.swift */; };
		3B329452E55225EB2B8BB7DA /* GitReviewRenderTests.swift in Sources */ = {isa = PBXBuildFile; fileRef = D92623144A6E83CA51860B8E /* GitReviewRenderTests.swift */; };
		4CC29E6CBEE5E72D3B78DCBD /* GitCommitGraphTests.swift in Sources */ = {isa = PBXBuildFile; fileRef = 20C6E6534CE1099592E40773 /* GitCommitGraphTests.swift */; };
		287B00D68004042D190D2F68 /* GitStagingTests.swift in Sources */ = {isa = PBXBuildFile; fileRef = 3779521669E4E149E1C77B10 /* GitStagingTests.swift */; };
		FD8F1D30E29CF4F0EB06D000 /* AppDelegateTests.swift in Sources */ = {isa = PBXBuildFile; fileRef = B51CB1CC616C631719AD0221 /* AppDelegateTests.swift */; };
		CA89150A08702C023D3D9A45 /* ProjectDatabaseTests.swift in Sources */ = {isa = PBXBuildFile; fileRef = CE242D7B54894292C2D86C32 /* ProjectDatabaseTests.swift */; };
		9334D90DD1C27E2C2025C73A /* ThemeResolutionTests.swift in Sources */ = {isa = PBXBuildFile; fileRef = 9443791670E8CC9E6A0AB86E /* ThemeResolutionTests.swift */; };
		8BB3533F6E6FCA8D5834C271 /* ThemeSettingsRenderTests.swift in Sources */ = {isa = PBXBuildFile; fileRef = B2DA509DA20B667CFCB88485 /* ThemeSettingsRenderTests.swift */; };
		3225059D746FD431CFD65034 /* ThemeToolTests.swift in Sources */ = {isa = PBXBuildFile; fileRef = AC0D73705B6A31DE5CE62C91 /* ThemeToolTests.swift */; };
		A25FE88323D6293DF6D2471F /* ThemeMenuTests.swift in Sources */ = {isa = PBXBuildFile; fileRef = F8AE2406CB7A2AD5CF7F25D6 /* ThemeMenuTests.swift */; };
		3B6276B7453B5ECEC77CCD48 /* HookLifecycleTests.swift in Sources */ = {isa = PBXBuildFile; fileRef = 044987FD479F2BCE41800DB0 /* HookLifecycleTests.swift */; };
		A2A96560939503EE66F0F61A /* CodexHookInstallerTests.swift in Sources */ = {isa = PBXBuildFile; fileRef = D52404767F8E6E3FD5655E1D /* CodexHookInstallerTests.swift */; };
		10A7C6FBD9C60BFA180B1238 /* AppThemeTests.swift in Sources */ = {isa = PBXBuildFile; fileRef = F04F521EABA85E9D423CC483 /* AppThemeTests.swift */; };
		5B143C2EEAF87161EAA77D67 /* AppThemeRenderTests.swift in Sources */ = {isa = PBXBuildFile; fileRef = E6D09DC5A688B0031DEC7A47 /* AppThemeRenderTests.swift */; };
		A34F41FB3D85E4A72F65D704 /* UsageRingTests.swift in Sources */ = {isa = PBXBuildFile; fileRef = 9E0239E00CC9C28E9E2DD62D /* UsageRingTests.swift */; };
		848FBC7336F4E1B9FE429A8A /* ModelNameTests.swift in Sources */ = {isa = PBXBuildFile; fileRef = 9984539B5DEA19828534D5B4 /* ModelNameTests.swift */; };
		82C90C7DE0F6E3D6EB660A66 /* ToolIdentityTests.swift in Sources */ = {isa = PBXBuildFile; fileRef = 4682A8C55E2A05C81D681BBB /* ToolIdentityTests.swift */; };
		A98028EC99612E6E18C2CB28 /* ShellCommandPolicyTests.swift in Sources */ = {isa = PBXBuildFile; fileRef = 06B09361E0B24C21D950F857 /* ShellCommandPolicyTests.swift */; };
		A1D70C8F3554C9C81F2DCF48 /* AccountNameTests.swift in Sources */ = {isa = PBXBuildFile; fileRef = 5F73C717F854436EAC372592 /* AccountNameTests.swift */; };
		B9CAC998E239EC0303F7F2F4 /* ShellCommandPolicyCorpusTests.swift in Sources */ = {isa = PBXBuildFile; fileRef = 8B2C0D1E6318B9E36AF4F025 /* ShellCommandPolicyCorpusTests.swift */; };
		D88B0FE7D311EE71390A842F /* ThemedControlTests.swift in Sources */ = {isa = PBXBuildFile; fileRef = D61B65FA55EF48038ED5DB6D /* ThemedControlTests.swift */; };
		445F0F42B17C51EC9BB38077 /* ElementInspectionTests.swift in Sources */ = {isa = PBXBuildFile; fileRef = 115379ADB3EB4F01101BD993 /* ElementInspectionTests.swift */; };
		A8C27A38676335C4660B8182 /* SessionNamingTests.swift in Sources */ = {isa = PBXBuildFile; fileRef = 7FDC3913B435DDBA1E7C13AE /* SessionNamingTests.swift */; };
		122556F8FAB3711CCBA7AAD0 /* ChipViewTests.swift in Sources */ = {isa = PBXBuildFile; fileRef = 2B977AD037DD062B2428AA28 /* ChipViewTests.swift */; };
		61B9374AE8515F0AE5311E1F /* ThemedIndicatorsTests.swift in Sources */ = {isa = PBXBuildFile; fileRef = 48C4C1E9F1AB39B3FAF02668 /* ThemedIndicatorsTests.swift */; };
		EB721DBFB8A82B66BF697A0B /* ThemeSwatchViewTests.swift in Sources */ = {isa = PBXBuildFile; fileRef = 2F950F46B250C9C32360A9E3 /* ThemeSwatchViewTests.swift */; };
		5724F2C9CE5E00E9DE98F67E /* SettingsRowLayoutTests.swift in Sources */ = {isa = PBXBuildFile; fileRef = DB1A5B994E77DE60A5FEF1BB /* SettingsRowLayoutTests.swift */; };
		B5CE1BC1391776027471C273 /* WorkingWordsTests.swift in Sources */ = {isa = PBXBuildFile; fileRef = E13493FA1CE502FE6B834660 /* WorkingWordsTests.swift */; };
		FCB14DF3E12E78DFBB1A2C55 /* ThinkingOrbTintTests.swift in Sources */ = {isa = PBXBuildFile; fileRef = 4A0807A3E7130969D6FCD0CD /* ThinkingOrbTintTests.swift */; };
		F8EEA2C01E6CF61FAAF1F024 /* TerminalThemeBoundaryTests.swift in Sources */ = {isa = PBXBuildFile; fileRef = EFEBDCED973C9121C32FF5DF /* TerminalThemeBoundaryTests.swift */; };
		1FD6060EC0DC83DA4BA1C3C1 /* SessionInfoTests.swift in Sources */ = {isa = PBXBuildFile; fileRef = C7EA7666508259327901672F /* SessionInfoTests.swift */; };
		5D2B524A0BB67BC9416D3577 /* FileActivityMapTests.swift in Sources */ = {isa = PBXBuildFile; fileRef = EB13FC5035E3268BB78A317A /* FileActivityMapTests.swift */; };
		7108C0A471D9CADAA9684DD6 /* FileActivityMapRenderTests.swift in Sources */ = {isa = PBXBuildFile; fileRef = FE692D3A27F9A1DFAF3AF79E /* FileActivityMapRenderTests.swift */; };
		74B47ABECDD7881769897003 /* KeyboardShortcutTests.swift in Sources */ = {isa = PBXBuildFile; fileRef = 9D99C01A2C6B41ED0AFA301B /* KeyboardShortcutTests.swift */; };
/* End PBXBuildFile section */

/* Begin PBXContainerItemProxy section */
		95814D89024CC2AED2A443AC /* PBXContainerItemProxy */ = {
			isa = PBXContainerItemProxy;
			containerPortal = F8000001000000000000001 /* Project object */;
			proxyType = 1;
			remoteGlobalIDString = F6000001000000000000001;
			remoteInfo = Skalman;
		};
/* End PBXContainerItemProxy section */

/* Begin PBXFileReference section */
		72E4FC8EDC79F143EA49545C /* SkalmanTests.xctest */ = {isa = PBXFileReference; explicitFileType = wrapper.cfbundle; includeInIndex = 0; path = SkalmanTests.xctest; sourceTree = BUILT_PRODUCTS_DIR; };
		D12026070000000000000005 /* StreamSessionLifecycleTests.swift */ = {isa = PBXFileReference; includeInIndex = 1; lastKnownFileType = sourcecode.swift; path = StreamSessionLifecycleTests.swift; sourceTree = "<group>"; };
		D12026070000000000000003 /* PermissionRequestViewTests.swift */ = {isa = PBXFileReference; includeInIndex = 1; lastKnownFileType = sourcecode.swift; path = PermissionRequestViewTests.swift; sourceTree = "<group>"; };
		D12026070000000000000001 /* MCPSessionRegistryTests.swift */ = {isa = PBXFileReference; includeInIndex = 1; lastKnownFileType = sourcecode.swift; path = MCPSessionRegistryTests.swift; sourceTree = "<group>"; };
		A10000010000000000000001 /* StateManagerTests.swift */ = {isa = PBXFileReference; includeInIndex = 1; lastKnownFileType = sourcecode.swift; path = StateManagerTests.swift; sourceTree = "<group>"; };
		A10000020000000000000001 /* DraftStoreTests.swift */ = {isa = PBXFileReference; includeInIndex = 1; lastKnownFileType = sourcecode.swift; path = DraftStoreTests.swift; sourceTree = "<group>"; };
		A10000060000000000000001 /* GitDiffParserTests.swift */ = {isa = PBXFileReference; includeInIndex = 1; lastKnownFileType = sourcecode.swift; path = GitDiffParserTests.swift; sourceTree = "<group>"; };
		A10000070000000000000001 /* GitStatusParserTests.swift */ = {isa = PBXFileReference; includeInIndex = 1; lastKnownFileType = sourcecode.swift; path = GitStatusParserTests.swift; sourceTree = "<group>"; };
		A10000080000000000000001 /* GitReviewCommandsTests.swift */ = {isa = PBXFileReference; includeInIndex = 1; lastKnownFileType = sourcecode.swift; path = GitReviewCommandsTests.swift; sourceTree = "<group>"; };
		A10000090000000000000001 /* GitReviewViewTests.swift */ = {isa = PBXFileReference; includeInIndex = 1; lastKnownFileType = sourcecode.swift; path = GitReviewViewTests.swift; sourceTree = "<group>"; };
		A10000030000000000000001 /* EventLogTests.swift */ = {isa = PBXFileReference; includeInIndex = 1; lastKnownFileType = sourcecode.swift; path = EventLogTests.swift; sourceTree = "<group>"; };
		A10000040000000000000001 /* PromptAttachmentTests.swift */ = {isa = PBXFileReference; includeInIndex = 1; lastKnownFileType = sourcecode.swift; path = PromptAttachmentTests.swift; sourceTree = "<group>"; };
		A10000050000000000000001 /* AccountUsageSummaryTests.swift */ = {isa = PBXFileReference; includeInIndex = 1; lastKnownFileType = sourcecode.swift; path = AccountUsageSummaryTests.swift; sourceTree = "<group>"; };
		A91BE2B549ED4A475793E903 /* ProjectIconTests.swift */ = {isa = PBXFileReference; includeInIndex = 1; lastKnownFileType = sourcecode.swift; path = ProjectIconTests.swift; sourceTree = "<group>"; };
		696D173B6C5410C69CC97BE3 /* UsageForecastTests.swift */ = {isa = PBXFileReference; includeInIndex = 1; lastKnownFileType = sourcecode.swift; path = UsageForecastTests.swift; sourceTree = "<group>"; };
		63B1299073D75E9C4A00C29E /* TranscriptUsageIndexTests.swift */ = {isa = PBXFileReference; includeInIndex = 1; lastKnownFileType = sourcecode.swift; path = TranscriptUsageIndexTests.swift; sourceTree = "<group>"; };
		7A7D8163AC93C023CE61034D /* DiskSpaceTests.swift */ = {isa = PBXFileReference; includeInIndex = 1; lastKnownFileType = sourcecode.swift; path = DiskSpaceTests.swift; sourceTree = "<group>"; };
		0D2D808FFCF4CFE11AE9BDD3 /* ArtifactScannerTests.swift */ = {isa = PBXFileReference; includeInIndex = 1; lastKnownFileType = sourcecode.swift; path = ArtifactScannerTests.swift; sourceTree = "<group>"; };
		5B1CD8678C3E4CB8CC16E5D9 /* SideChatTests.swift */ = {isa = PBXFileReference; includeInIndex = 1; lastKnownFileType = sourcecode.swift; path = SideChatTests.swift; sourceTree = "<group>"; };
		B81A3E96D9BFC8F08FC1DA31 /* TranscriptReplayTests.swift */ = {isa = PBXFileReference; includeInIndex = 1; lastKnownFileType = sourcecode.swift; path = TranscriptReplayTests.swift; sourceTree = "<group>"; };
		DFC75BD17798FB18BE69A8D1 /* Cocoa.framework */ = {isa = PBXFileReference; lastKnownFileType = wrapper.framework; name = Cocoa.framework; path = Platforms/MacOSX.platform/Developer/SDKs/MacOSX15.0.sdk/System/Library/Frameworks/Cocoa.framework; sourceTree = DEVELOPER_DIR; };
		F2000001000000000000038 /* Skalman.app */ = {isa = PBXFileReference; explicitFileType = wrapper.application; includeInIndex = 0; path = Skalman.app; sourceTree = BUILT_PRODUCTS_DIR; };
		A755DEF013AAE066F8E4BF52 /* ConversationTimelineTests.swift */ = {isa = PBXFileReference; includeInIndex = 1; lastKnownFileType = sourcecode.swift; path = ConversationTimelineTests.swift; sourceTree = "<group>"; };
		343BD88FEDB478E81C5F893B /* ConversationRenderTests.swift */ = {isa = PBXFileReference; includeInIndex = 1; lastKnownFileType = sourcecode.swift; path = ConversationRenderTests.swift; sourceTree = "<group>"; };
		E15000010000000000000001 /* HotPathCacheTests.swift */ = {isa = PBXFileReference; includeInIndex = 1; lastKnownFileType = sourcecode.swift; path = HotPathCacheTests.swift; sourceTree = "<group>"; };
		6351D65718BB714AF03F855E /* ConversationMinimapTests.swift */ = {isa = PBXFileReference; includeInIndex = 1; lastKnownFileType = sourcecode.swift; path = ConversationMinimapTests.swift; sourceTree = "<group>"; };
		97CBF23D6F1E81467057C62E /* GitCheckoutWatcherTests.swift */ = {isa = PBXFileReference; includeInIndex = 1; lastKnownFileType = sourcecode.swift; path = GitCheckoutWatcherTests.swift; sourceTree = "<group>"; };
		A033866F2A5F56AB0B49A8BF /* SyntaxTests.swift */ = {isa = PBXFileReference; includeInIndex = 1; lastKnownFileType = sourcecode.swift; path = SyntaxTests.swift; sourceTree = "<group>"; };
		D92623144A6E83CA51860B8E /* GitReviewRenderTests.swift */ = {isa = PBXFileReference; includeInIndex = 1; lastKnownFileType = sourcecode.swift; path = GitReviewRenderTests.swift; sourceTree = "<group>"; };
		20C6E6534CE1099592E40773 /* GitCommitGraphTests.swift */ = {isa = PBXFileReference; includeInIndex = 1; lastKnownFileType = sourcecode.swift; path = GitCommitGraphTests.swift; sourceTree = "<group>"; };
		3779521669E4E149E1C77B10 /* GitStagingTests.swift */ = {isa = PBXFileReference; includeInIndex = 1; lastKnownFileType = sourcecode.swift; path = GitStagingTests.swift; sourceTree = "<group>"; };
		B51CB1CC616C631719AD0221 /* AppDelegateTests.swift */ = {isa = PBXFileReference; includeInIndex = 1; lastKnownFileType = sourcecode.swift; path = AppDelegateTests.swift; sourceTree = "<group>"; };
		CE242D7B54894292C2D86C32 /* ProjectDatabaseTests.swift */ = {isa = PBXFileReference; includeInIndex = 1; lastKnownFileType = sourcecode.swift; path = ProjectDatabaseTests.swift; sourceTree = "<group>"; };
		9443791670E8CC9E6A0AB86E /* ThemeResolutionTests.swift */ = {isa = PBXFileReference; includeInIndex = 1; lastKnownFileType = sourcecode.swift; path = ThemeResolutionTests.swift; sourceTree = "<group>"; };
		B2DA509DA20B667CFCB88485 /* ThemeSettingsRenderTests.swift */ = {isa = PBXFileReference; includeInIndex = 1; lastKnownFileType = sourcecode.swift; path = ThemeSettingsRenderTests.swift; sourceTree = "<group>"; };
		AC0D73705B6A31DE5CE62C91 /* ThemeToolTests.swift */ = {isa = PBXFileReference; includeInIndex = 1; lastKnownFileType = sourcecode.swift; path = ThemeToolTests.swift; sourceTree = "<group>"; };
		F8AE2406CB7A2AD5CF7F25D6 /* ThemeMenuTests.swift */ = {isa = PBXFileReference; includeInIndex = 1; lastKnownFileType = sourcecode.swift; path = ThemeMenuTests.swift; sourceTree = "<group>"; };
		044987FD479F2BCE41800DB0 /* HookLifecycleTests.swift */ = {isa = PBXFileReference; includeInIndex = 1; lastKnownFileType = sourcecode.swift; path = HookLifecycleTests.swift; sourceTree = "<group>"; };
		D52404767F8E6E3FD5655E1D /* CodexHookInstallerTests.swift */ = {isa = PBXFileReference; includeInIndex = 1; lastKnownFileType = sourcecode.swift; path = CodexHookInstallerTests.swift; sourceTree = "<group>"; };
		F04F521EABA85E9D423CC483 /* AppThemeTests.swift */ = {isa = PBXFileReference; includeInIndex = 1; lastKnownFileType = sourcecode.swift; path = AppThemeTests.swift; sourceTree = "<group>"; };
		E6D09DC5A688B0031DEC7A47 /* AppThemeRenderTests.swift */ = {isa = PBXFileReference; includeInIndex = 1; lastKnownFileType = sourcecode.swift; path = AppThemeRenderTests.swift; sourceTree = "<group>"; };
		9E0239E00CC9C28E9E2DD62D /* UsageRingTests.swift */ = {isa = PBXFileReference; includeInIndex = 1; lastKnownFileType = sourcecode.swift; path = UsageRingTests.swift; sourceTree = "<group>"; };
		9984539B5DEA19828534D5B4 /* ModelNameTests.swift */ = {isa = PBXFileReference; includeInIndex = 1; lastKnownFileType = sourcecode.swift; path = ModelNameTests.swift; sourceTree = "<group>"; };
		4682A8C55E2A05C81D681BBB /* ToolIdentityTests.swift */ = {isa = PBXFileReference; includeInIndex = 1; lastKnownFileType = sourcecode.swift; path = ToolIdentityTests.swift; sourceTree = "<group>"; };
		06B09361E0B24C21D950F857 /* ShellCommandPolicyTests.swift */ = {isa = PBXFileReference; includeInIndex = 1; lastKnownFileType = sourcecode.swift; path = ShellCommandPolicyTests.swift; sourceTree = "<group>"; };
		5F73C717F854436EAC372592 /* AccountNameTests.swift */ = {isa = PBXFileReference; includeInIndex = 1; lastKnownFileType = sourcecode.swift; path = AccountNameTests.swift; sourceTree = "<group>"; };
		8B2C0D1E6318B9E36AF4F025 /* ShellCommandPolicyCorpusTests.swift */ = {isa = PBXFileReference; includeInIndex = 1; lastKnownFileType = sourcecode.swift; path = ShellCommandPolicyCorpusTests.swift; sourceTree = "<group>"; };
		D61B65FA55EF48038ED5DB6D /* ThemedControlTests.swift */ = {isa = PBXFileReference; includeInIndex = 1; lastKnownFileType = sourcecode.swift; path = ThemedControlTests.swift; sourceTree = "<group>"; };
		115379ADB3EB4F01101BD993 /* ElementInspectionTests.swift */ = {isa = PBXFileReference; includeInIndex = 1; lastKnownFileType = sourcecode.swift; path = ElementInspectionTests.swift; sourceTree = "<group>"; };
		7FDC3913B435DDBA1E7C13AE /* SessionNamingTests.swift */ = {isa = PBXFileReference; includeInIndex = 1; lastKnownFileType = sourcecode.swift; path = SessionNamingTests.swift; sourceTree = "<group>"; };
		2B977AD037DD062B2428AA28 /* ChipViewTests.swift */ = {isa = PBXFileReference; includeInIndex = 1; lastKnownFileType = sourcecode.swift; path = ChipViewTests.swift; sourceTree = "<group>"; };
		48C4C1E9F1AB39B3FAF02668 /* ThemedIndicatorsTests.swift */ = {isa = PBXFileReference; includeInIndex = 1; lastKnownFileType = sourcecode.swift; path = ThemedIndicatorsTests.swift; sourceTree = "<group>"; };
		2F950F46B250C9C32360A9E3 /* ThemeSwatchViewTests.swift */ = {isa = PBXFileReference; includeInIndex = 1; lastKnownFileType = sourcecode.swift; path = ThemeSwatchViewTests.swift; sourceTree = "<group>"; };
		DB1A5B994E77DE60A5FEF1BB /* SettingsRowLayoutTests.swift */ = {isa = PBXFileReference; includeInIndex = 1; lastKnownFileType = sourcecode.swift; path = SettingsRowLayoutTests.swift; sourceTree = "<group>"; };
		E13493FA1CE502FE6B834660 /* WorkingWordsTests.swift */ = {isa = PBXFileReference; includeInIndex = 1; lastKnownFileType = sourcecode.swift; path = WorkingWordsTests.swift; sourceTree = "<group>"; };
		4A0807A3E7130969D6FCD0CD /* ThinkingOrbTintTests.swift */ = {isa = PBXFileReference; includeInIndex = 1; lastKnownFileType = sourcecode.swift; path = ThinkingOrbTintTests.swift; sourceTree = "<group>"; };
		EFEBDCED973C9121C32FF5DF /* TerminalThemeBoundaryTests.swift */ = {isa = PBXFileReference; includeInIndex = 1; lastKnownFileType = sourcecode.swift; path = TerminalThemeBoundaryTests.swift; sourceTree = "<group>"; };
		C7EA7666508259327901672F /* SessionInfoTests.swift */ = {isa = PBXFileReference; includeInIndex = 1; lastKnownFileType = sourcecode.swift; path = SessionInfoTests.swift; sourceTree = "<group>"; };
		EB13FC5035E3268BB78A317A /* FileActivityMapTests.swift */ = {isa = PBXFileReference; includeInIndex = 1; lastKnownFileType = sourcecode.swift; path = FileActivityMapTests.swift; sourceTree = "<group>"; };
		FE692D3A27F9A1DFAF3AF79E /* FileActivityMapRenderTests.swift */ = {isa = PBXFileReference; includeInIndex = 1; lastKnownFileType = sourcecode.swift; path = FileActivityMapRenderTests.swift; sourceTree = "<group>"; };
		9D99C01A2C6B41ED0AFA301B /* KeyboardShortcutTests.swift */ = {isa = PBXFileReference; includeInIndex = 1; lastKnownFileType = sourcecode.swift; path = KeyboardShortcutTests.swift; sourceTree = "<group>"; };
/* End PBXFileReference section */

/* Begin PBXFileSystemSynchronizedBuildFileExceptionSet section */
		63D8F4BA2EE47C9A007F49BD /* Exceptions for "Sources" folder in "Skalman" target */ = {
			isa = PBXFileSystemSynchronizedBuildFileExceptionSet;
			membershipExceptions = (
				Skalman/Resources/Info.plist,
			);
			target = F6000001000000000000001 /* Skalman */;
		};
/* End PBXFileSystemSynchronizedBuildFileExceptionSet section */

/* Begin PBXFileSystemSynchronizedRootGroup section */
		63D8F4952EE47C9A007F49BD /* Sources */ = {
			isa = PBXFileSystemSynchronizedRootGroup;
			exceptions = (
				63D8F4BA2EE47C9A007F49BD /* Exceptions for "Sources" folder in "Skalman" target */,
			);
			explicitFileTypes = {
			};
			explicitFolders = (
				Skalman/Resources/Icons,
			);
			path = Sources;
			sourceTree = "<group>";
		};
/* End PBXFileSystemSynchronizedRootGroup section */

/* Begin PBXFrameworksBuildPhase section */
		56FF87A7554976846335914F /* Frameworks */ = {
			isa = PBXFrameworksBuildPhase;
			buildActionMask = 2147483647;
			files = (
				B3428F33752A23B8DF9DA8F8 /* Cocoa.framework in Frameworks */,
			);
			runOnlyForDeploymentPostprocessing = 0;
		};
		F3000001000000000000001 /* Frameworks */ = {
			isa = PBXFrameworksBuildPhase;
			buildActionMask = 2147483647;
			files = (
				F1000001000000000000036 /* SwiftTerm in Frameworks */,
				F1000001000000000000037 /* ThinkingOrbs in Frameworks */,
				F1000001000000000000038 /* LabelMorph in Frameworks */,
			);
			runOnlyForDeploymentPostprocessing = 0;
		};
/* End PBXFrameworksBuildPhase section */

/* Begin PBXGroup section */
		25B0E33ED576F9158763F7B2 /* Frameworks */ = {
			isa = PBXGroup;
			children = (
				D99AEB234BECE87FAD063CB3 /* OS X */,
			);
			name = Frameworks;
			sourceTree = "<group>";
		};
		B1792448FB880E01F5D9086C /* Tests */ = {
			isa = PBXGroup;
			children = (
				A10000020000000000000001 /* DraftStoreTests.swift */,
				A10000030000000000000001 /* EventLogTests.swift */,
				A10000060000000000000001 /* GitDiffParserTests.swift */,
				A10000070000000000000001 /* GitStatusParserTests.swift */,
				A10000080000000000000001 /* GitReviewCommandsTests.swift */,
				A10000090000000000000001 /* GitReviewViewTests.swift */,
				A10000040000000000000001 /* PromptAttachmentTests.swift */,
				A10000050000000000000001 /* AccountUsageSummaryTests.swift */,
				D12026070000000000000001 /* MCPSessionRegistryTests.swift */,
				D12026070000000000000003 /* PermissionRequestViewTests.swift */,
				A91BE2B549ED4A475793E903 /* ProjectIconTests.swift */,
				696D173B6C5410C69CC97BE3 /* UsageForecastTests.swift */,
				63B1299073D75E9C4A00C29E /* TranscriptUsageIndexTests.swift */,
				7A7D8163AC93C023CE61034D /* DiskSpaceTests.swift */,
				0D2D808FFCF4CFE11AE9BDD3 /* ArtifactScannerTests.swift */,
				5B1CD8678C3E4CB8CC16E5D9 /* SideChatTests.swift */,
				A10000010000000000000001 /* StateManagerTests.swift */,
				D12026070000000000000005 /* StreamSessionLifecycleTests.swift */,
				B81A3E96D9BFC8F08FC1DA31 /* TranscriptReplayTests.swift */,
				A755DEF013AAE066F8E4BF52 /* ConversationTimelineTests.swift */,
				343BD88FEDB478E81C5F893B /* ConversationRenderTests.swift */,
				E15000010000000000000001 /* HotPathCacheTests.swift */,
				6351D65718BB714AF03F855E /* ConversationMinimapTests.swift */,
				97CBF23D6F1E81467057C62E /* GitCheckoutWatcherTests.swift */,
				A033866F2A5F56AB0B49A8BF /* SyntaxTests.swift */,
				D92623144A6E83CA51860B8E /* GitReviewRenderTests.swift */,
				20C6E6534CE1099592E40773 /* GitCommitGraphTests.swift */,
				3779521669E4E149E1C77B10 /* GitStagingTests.swift */,
				B51CB1CC616C631719AD0221 /* AppDelegateTests.swift */,
				CE242D7B54894292C2D86C32 /* ProjectDatabaseTests.swift */,
				9443791670E8CC9E6A0AB86E /* ThemeResolutionTests.swift */,
				B2DA509DA20B667CFCB88485 /* ThemeSettingsRenderTests.swift */,
				AC0D73705B6A31DE5CE62C91 /* ThemeToolTests.swift */,
				F8AE2406CB7A2AD5CF7F25D6 /* ThemeMenuTests.swift */,
				044987FD479F2BCE41800DB0 /* HookLifecycleTests.swift */,
				D52404767F8E6E3FD5655E1D /* CodexHookInstallerTests.swift */,
				F04F521EABA85E9D423CC483 /* AppThemeTests.swift */,
				E6D09DC5A688B0031DEC7A47 /* AppThemeRenderTests.swift */,
				9E0239E00CC9C28E9E2DD62D /* UsageRingTests.swift */,
				9984539B5DEA19828534D5B4 /* ModelNameTests.swift */,
				4682A8C55E2A05C81D681BBB /* ToolIdentityTests.swift */,
				06B09361E0B24C21D950F857 /* ShellCommandPolicyTests.swift */,
				5F73C717F854436EAC372592 /* AccountNameTests.swift */,
				8B2C0D1E6318B9E36AF4F025 /* ShellCommandPolicyCorpusTests.swift */,
				D61B65FA55EF48038ED5DB6D /* ThemedControlTests.swift */,
				115379ADB3EB4F01101BD993 /* ElementInspectionTests.swift */,
				7FDC3913B435DDBA1E7C13AE /* SessionNamingTests.swift */,
				2B977AD037DD062B2428AA28 /* ChipViewTests.swift */,
				48C4C1E9F1AB39B3FAF02668 /* ThemedIndicatorsTests.swift */,
				2F950F46B250C9C32360A9E3 /* ThemeSwatchViewTests.swift */,
				DB1A5B994E77DE60A5FEF1BB /* SettingsRowLayoutTests.swift */,
				E13493FA1CE502FE6B834660 /* WorkingWordsTests.swift */,
				4A0807A3E7130969D6FCD0CD /* ThinkingOrbTintTests.swift */,
				EFEBDCED973C9121C32FF5DF /* TerminalThemeBoundaryTests.swift */,
				C7EA7666508259327901672F /* SessionInfoTests.swift */,
				EB13FC5035E3268BB78A317A /* FileActivityMapTests.swift */,
				FE692D3A27F9A1DFAF3AF79E /* FileActivityMapRenderTests.swift */,
				9D99C01A2C6B41ED0AFA301B /* KeyboardShortcutTests.swift */,
			);
			name = Tests;
			path = Tests/SkalmanTests;
			sourceTree = "<group>";
		};
		D99AEB234BECE87FAD063CB3 /* OS X */ = {
			isa = PBXGroup;
			children = (
				DFC75BD17798FB18BE69A8D1 /* Cocoa.framework */,
			);
			name = "OS X";
			sourceTree = "<group>";
		};
		F5000001000000000000001 = {
			isa = PBXGroup;
			children = (
				63D8F4952EE47C9A007F49BD /* Sources */,
				F5000001000000000000020 /* Products */,
				25B0E33ED576F9158763F7B2 /* Frameworks */,
				B1792448FB880E01F5D9086C /* Tests */,
			);
			sourceTree = "<group>";
		};
		F5000001000000000000020 /* Products */ = {
			isa = PBXGroup;
			children = (
				F2000001000000000000038 /* Skalman.app */,
				72E4FC8EDC79F143EA49545C /* SkalmanTests.xctest */,
			);
			name = Products;
			sourceTree = "<group>";
		};
/* End PBXGroup section */

/* Begin PBXNativeTarget section */
		20A00C033DC1347FA758CD10 /* SkalmanTests */ = {
			isa = PBXNativeTarget;
			buildConfigurationList = 61DA317B0D969A1DC194B4C8 /* Build configuration list for PBXNativeTarget "SkalmanTests" */;
			buildPhases = (
				2B94BD9027B7FD53BB982AFA /* Sources */,
				56FF87A7554976846335914F /* Frameworks */,
				C995024E6F941ADF45C13130 /* Resources */,
			);
			buildRules = (
			);
			dependencies = (
				44883DEA7DCAA5EAADC3CD6A /* PBXTargetDependency */,
			);
			name = SkalmanTests;
			productName = SkalmanTests;
			productReference = 72E4FC8EDC79F143EA49545C /* SkalmanTests.xctest */;
			productType = "com.apple.product-type.bundle.unit-test";
		};
		F6000001000000000000001 /* Skalman */ = {
			isa = PBXNativeTarget;
			buildConfigurationList = F7000001000000000000003 /* Build configuration list for PBXNativeTarget "Skalman" */;
			buildPhases = (
				C0D3A1100000000000000001 /* Enforce Theme Boundary */,
				F6000001000000000000002 /* Sources */,
				F3000001000000000000001 /* Frameworks */,
				F6000001000000000000003 /* Resources */,
			);
			buildRules = (
			);
			dependencies = (
			);
			fileSystemSynchronizedGroups = (
				63D8F4952EE47C9A007F49BD /* Sources */,
			);
			name = Skalman;
			packageProductDependencies = (
				F4000001000000000000001 /* SwiftTerm */,
				F4000001000000000000003 /* ThinkingOrbs */,
				F4000001000000000000005 /* LabelMorph */,
			);
			productName = Skalman;
			productReference = F2000001000000000000038 /* Skalman.app */;
			productType = "com.apple.product-type.application";
		};
/* End PBXNativeTarget section */

/* Begin PBXProject section */
		F8000001000000000000001 /* Project object */ = {
			isa = PBXProject;
			attributes = {
				BuildIndependentTargetsInParallel = 1;
				LastSwiftUpdateCheck = 1500;
				LastUpgradeCheck = 2610;
				TargetAttributes = {
					F6000001000000000000001 = {
						CreatedOnToolsVersion = 15.0;
					};
				};
			};
			buildConfigurationList = F7000001000000000000001 /* Build configuration list for PBXProject "Skalman" */;
			compatibilityVersion = "Xcode 14.0";
			developmentRegion = en;
			hasScannedForEncodings = 0;
			knownRegions = (
				en,
				Base,
			);
			mainGroup = F5000001000000000000001;
			packageReferences = (
				F4000001000000000000002 /* XCLocalSwiftPackageReference "SwiftTerm" */,
				F4000001000000000000004 /* XCLocalSwiftPackageReference "ThinkingOrbs" */,
				F4000001000000000000006 /* XCLocalSwiftPackageReference "LabelMorph" */,
			);
			productRefGroup = F5000001000000000000020 /* Products */;
			projectDirPath = "";
			projectRoot = "";
			targets = (
				F6000001000000000000001 /* Skalman */,
				20A00C033DC1347FA758CD10 /* SkalmanTests */,
			);
		};
/* End PBXProject section */

/* Begin PBXResourcesBuildPhase section */
		C995024E6F941ADF45C13130 /* Resources */ = {
			isa = PBXResourcesBuildPhase;
			buildActionMask = 2147483647;
			files = (
			);
			runOnlyForDeploymentPostprocessing = 0;
		};
		F6000001000000000000003 /* Resources */ = {
			isa = PBXResourcesBuildPhase;
			buildActionMask = 2147483647;
			files = (
			);
			runOnlyForDeploymentPostprocessing = 0;
		};
/* End PBXResourcesBuildPhase section */

/* Begin PBXShellScriptBuildPhase section */
		C0D3A1100000000000000001 /* Enforce Theme Boundary */ = {
			isa = PBXShellScriptBuildPhase;
			alwaysOutOfDate = 1;
			buildActionMask = 2147483647;
			files = (
			);
			inputFileListPaths = (
			);
			inputPaths = (
				"$(SRCROOT)/Sources",
				"$(SRCROOT)/config/theme-boundary.json",
				"$(SRCROOT)/scripts/check_theme_boundaries.sh",
				"$(SRCROOT)/scripts/theme_boundary_lint.swift",
				"$(SRCROOT)/docs/THEME_BOUNDARY.md",
				"$(SRCROOT)/AGENTS.md",
				"$(SRCROOT)/CLAUDE.md",
			);
			name = "Enforce Theme Boundary";
			outputFileListPaths = (
			);
			outputPaths = (
				"$(DERIVED_FILE_DIR)/theme-boundary-lint",
			);
			runOnlyForDeploymentPostprocessing = 0;
			shellPath = /bin/bash;
			shellScript = "\"${SRCROOT}/scripts/check_theme_boundaries.sh\"";
		};
/* End PBXShellScriptBuildPhase section */

/* Begin PBXSourcesBuildPhase section */
		2B94BD9027B7FD53BB982AFA /* Sources */ = {
			isa = PBXSourcesBuildPhase;
			buildActionMask = 2147483647;
			files = (
				A10000020000000000000002 /* DraftStoreTests.swift in Sources */,
				A10000030000000000000002 /* EventLogTests.swift in Sources */,
				A10000060000000000000002 /* GitDiffParserTests.swift in Sources */,
				A10000070000000000000002 /* GitStatusParserTests.swift in Sources */,
				A10000080000000000000002 /* GitReviewCommandsTests.swift in Sources */,
				A10000090000000000000002 /* GitReviewViewTests.swift in Sources */,
				A10000040000000000000002 /* PromptAttachmentTests.swift in Sources */,
				A10000050000000000000002 /* AccountUsageSummaryTests.swift in Sources */,
				D12026070000000000000002 /* MCPSessionRegistryTests.swift in Sources */,
				D12026070000000000000004 /* PermissionRequestViewTests.swift in Sources */,
				C997F5C0451F5A25A2EF67AD /* ProjectIconTests.swift in Sources */,
				CB865BD84ED28745D2A4C294 /* UsageForecastTests.swift in Sources */,
				7B2722AEF9ED592DD011C293 /* TranscriptUsageIndexTests.swift in Sources */,
				F1B216BA36D0993C9078732F /* DiskSpaceTests.swift in Sources */,
				83FA7B157AC55CF7B3F151C5 /* ArtifactScannerTests.swift in Sources */,
				49022923B31CFED2F032E6EC /* SideChatTests.swift in Sources */,
				A10000010000000000000002 /* StateManagerTests.swift in Sources */,
				D12026070000000000000006 /* StreamSessionLifecycleTests.swift in Sources */,
				33E3632E648F76FBA596F672 /* TranscriptReplayTests.swift in Sources */,
				2A84B6880DED3F071BEF4857 /* ConversationTimelineTests.swift in Sources */,
				8CDE135AB43AE5B76A4E2CBD /* ConversationRenderTests.swift in Sources */,
				E15000010000000000000002 /* HotPathCacheTests.swift in Sources */,
				5952B9612FE334718FFF91F1 /* ConversationMinimapTests.swift in Sources */,
				52FE6DECCC10EF3C290A449A /* GitCheckoutWatcherTests.swift in Sources */,
				E0F2A94B880869D0B3ABF95A /* SyntaxTests.swift in Sources */,
				3B329452E55225EB2B8BB7DA /* GitReviewRenderTests.swift in Sources */,
				4CC29E6CBEE5E72D3B78DCBD /* GitCommitGraphTests.swift in Sources */,
				287B00D68004042D190D2F68 /* GitStagingTests.swift in Sources */,
				FD8F1D30E29CF4F0EB06D000 /* AppDelegateTests.swift in Sources */,
				CA89150A08702C023D3D9A45 /* ProjectDatabaseTests.swift in Sources */,
				9334D90DD1C27E2C2025C73A /* ThemeResolutionTests.swift in Sources */,
				8BB3533F6E6FCA8D5834C271 /* ThemeSettingsRenderTests.swift in Sources */,
				3225059D746FD431CFD65034 /* ThemeToolTests.swift in Sources */,
				A25FE88323D6293DF6D2471F /* ThemeMenuTests.swift in Sources */,
				3B6276B7453B5ECEC77CCD48 /* HookLifecycleTests.swift in Sources */,
				A2A96560939503EE66F0F61A /* CodexHookInstallerTests.swift in Sources */,
				10A7C6FBD9C60BFA180B1238 /* AppThemeTests.swift in Sources */,
				5B143C2EEAF87161EAA77D67 /* AppThemeRenderTests.swift in Sources */,
				A34F41FB3D85E4A72F65D704 /* UsageRingTests.swift in Sources */,
				848FBC7336F4E1B9FE429A8A /* ModelNameTests.swift in Sources */,
				82C90C7DE0F6E3D6EB660A66 /* ToolIdentityTests.swift in Sources */,
				A98028EC99612E6E18C2CB28 /* ShellCommandPolicyTests.swift in Sources */,
				A1D70C8F3554C9C81F2DCF48 /* AccountNameTests.swift in Sources */,
				B9CAC998E239EC0303F7F2F4 /* ShellCommandPolicyCorpusTests.swift in Sources */,
				D88B0FE7D311EE71390A842F /* ThemedControlTests.swift in Sources */,
				445F0F42B17C51EC9BB38077 /* ElementInspectionTests.swift in Sources */,
				A8C27A38676335C4660B8182 /* SessionNamingTests.swift in Sources */,
				122556F8FAB3711CCBA7AAD0 /* ChipViewTests.swift in Sources */,
				61B9374AE8515F0AE5311E1F /* ThemedIndicatorsTests.swift in Sources */,
				EB721DBFB8A82B66BF697A0B /* ThemeSwatchViewTests.swift in Sources */,
				5724F2C9CE5E00E9DE98F67E /* SettingsRowLayoutTests.swift in Sources */,
				B5CE1BC1391776027471C273 /* WorkingWordsTests.swift in Sources */,
				FCB14DF3E12E78DFBB1A2C55 /* ThinkingOrbTintTests.swift in Sources */,
				F8EEA2C01E6CF61FAAF1F024 /* TerminalThemeBoundaryTests.swift in Sources */,
				1FD6060EC0DC83DA4BA1C3C1 /* SessionInfoTests.swift in Sources */,
				5D2B524A0BB67BC9416D3577 /* FileActivityMapTests.swift in Sources */,
				7108C0A471D9CADAA9684DD6 /* FileActivityMapRenderTests.swift in Sources */,
				74B47ABECDD7881769897003 /* KeyboardShortcutTests.swift in Sources */,
			);
			runOnlyForDeploymentPostprocessing = 0;
		};
		F6000001000000000000002 /* Sources */ = {
			isa = PBXSourcesBuildPhase;
			buildActionMask = 2147483647;
			files = (
			);
			runOnlyForDeploymentPostprocessing = 0;
		};
/* End PBXSourcesBuildPhase section */

/* Begin PBXTargetDependency section */
		44883DEA7DCAA5EAADC3CD6A /* PBXTargetDependency */ = {
			isa = PBXTargetDependency;
			name = Skalman;
			target = F6000001000000000000001 /* Skalman */;
			targetProxy = 95814D89024CC2AED2A443AC /* PBXContainerItemProxy */;
		};
/* End PBXTargetDependency section */

/* Begin XCBuildConfiguration section */
		749F6BEEACCEE7D0BB1D2F91 /* Release */ = {
			isa = XCBuildConfiguration;
			buildSettings = {
				BUNDLE_LOADER = "$(TEST_HOST)";
				CODE_SIGN_STYLE = Automatic;
				GENERATE_INFOPLIST_FILE = YES;
				LD_RUNPATH_SEARCH_PATHS = (
					"$(inherited)",
					"@executable_path/../Frameworks",
					"@loader_path/../Frameworks",
				);
				MACOSX_DEPLOYMENT_TARGET = 13.0;
				PRODUCT_BUNDLE_IDENTIFIER = se.mjukis.SkalmanTests;
				PRODUCT_NAME = "$(TARGET_NAME)";
				SDKROOT = macosx;
				SWIFT_EMIT_LOC_STRINGS = NO;
				SWIFT_STRICT_CONCURRENCY = targeted;
				SWIFT_VERSION = 5.0;
				TEST_HOST = "$(BUILT_PRODUCTS_DIR)/Skalman.app/Contents/MacOS/Skalman";
			};
			name = Release;
		};
		C663059E0D7D5F7C061F7848 /* Debug */ = {
			isa = XCBuildConfiguration;
			buildSettings = {
				BUNDLE_LOADER = "$(TEST_HOST)";
				CODE_SIGN_STYLE = Automatic;
				GENERATE_INFOPLIST_FILE = YES;
				LD_RUNPATH_SEARCH_PATHS = (
					"$(inherited)",
					"@executable_path/../Frameworks",
					"@loader_path/../Frameworks",
				);
				MACOSX_DEPLOYMENT_TARGET = 13.0;
				PRODUCT_BUNDLE_IDENTIFIER = se.mjukis.SkalmanTests;
				PRODUCT_NAME = "$(TARGET_NAME)";
				SDKROOT = macosx;
				SWIFT_EMIT_LOC_STRINGS = NO;
				SWIFT_STRICT_CONCURRENCY = targeted;
				SWIFT_VERSION = 5.0;
				TEST_HOST = "$(BUILT_PRODUCTS_DIR)/Skalman.app/Contents/MacOS/Skalman";
			};
			name = Debug;
		};
		F7000001000000000000004 /* Debug */ = {
			isa = XCBuildConfiguration;
			buildSettings = {
				ALWAYS_SEARCH_USER_PATHS = NO;
				ASSETCATALOG_COMPILER_GENERATE_SWIFT_ASSET_SYMBOL_EXTENSIONS = YES;
				CLANG_ANALYZER_NONNULL = YES;
				CLANG_ANALYZER_NUMBER_OBJECT_CONVERSION = YES_AGGRESSIVE;
				CLANG_CXX_LANGUAGE_STANDARD = "gnu++20";
				CLANG_ENABLE_MODULES = YES;
				CLANG_ENABLE_OBJC_ARC = YES;
				CLANG_ENABLE_OBJC_WEAK = YES;
				CLANG_WARN_BLOCK_CAPTURE_AUTORELEASING = YES;
				CLANG_WARN_BOOL_CONVERSION = YES;
				CLANG_WARN_COMMA = YES;
				CLANG_WARN_CONSTANT_CONVERSION = YES;
				CLANG_WARN_DEPRECATED_OBJC_IMPLEMENTATIONS = YES;
				CLANG_WARN_DIRECT_OBJC_ISA_USAGE = YES_ERROR;
				CLANG_WARN_DOCUMENTATION_COMMENTS = YES;
				CLANG_WARN_EMPTY_BODY = YES;
				CLANG_WARN_ENUM_CONVERSION = YES;
				CLANG_WARN_INFINITE_RECURSION = YES;
				CLANG_WARN_INT_CONVERSION = YES;
				CLANG_WARN_NON_LITERAL_NULL_CONVERSION = YES;
				CLANG_WARN_OBJC_IMPLICIT_RETAIN_SELF = YES;
				CLANG_WARN_OBJC_LITERAL_CONVERSION = YES;
				CLANG_WARN_OBJC_ROOT_CLASS = YES_ERROR;
				CLANG_WARN_QUOTED_INCLUDE_IN_FRAMEWORK_HEADER = YES;
				CLANG_WARN_RANGE_LOOP_ANALYSIS = YES;
				CLANG_WARN_STRICT_PROTOTYPES = YES;
				CLANG_WARN_SUSPICIOUS_MOVE = YES;
				CLANG_WARN_UNGUARDED_AVAILABILITY = YES_AGGRESSIVE;
				CLANG_WARN_UNREACHABLE_CODE = YES;
				CLANG_WARN__DUPLICATE_METHOD_MATCH = YES;
				COPY_PHASE_STRIP = NO;
				DEAD_CODE_STRIPPING = YES;
				DEBUG_INFORMATION_FORMAT = dwarf;
				ENABLE_STRICT_OBJC_MSGSEND = YES;
				ENABLE_TESTABILITY = YES;
				ENABLE_USER_SCRIPT_SANDBOXING = YES;
				GCC_C_LANGUAGE_STANDARD = gnu17;
				GCC_DYNAMIC_NO_PIC = NO;
				GCC_NO_COMMON_BLOCKS = YES;
				GCC_OPTIMIZATION_LEVEL = 0;
				GCC_PREPROCESSOR_DEFINITIONS = (
					"DEBUG=1",
					"$(inherited)",
				);
				GCC_WARN_64_TO_32_BIT_CONVERSION = YES;
				GCC_WARN_ABOUT_RETURN_TYPE = YES_ERROR;
				GCC_WARN_UNDECLARED_SELECTOR = YES;
				GCC_WARN_UNINITIALIZED_AUTOS = YES_AGGRESSIVE;
				GCC_WARN_UNUSED_FUNCTION = YES;
				GCC_WARN_UNUSED_VARIABLE = YES;
				LOCALIZATION_PREFERS_STRING_CATALOGS = YES;
				MACOSX_DEPLOYMENT_TARGET = 13.0;
				MTL_ENABLE_DEBUG_INFO = INCLUDE_SOURCE;
				MTL_FAST_MATH = YES;
				ONLY_ACTIVE_ARCH = YES;
				SDKROOT = macosx;
				STRING_CATALOG_GENERATE_SYMBOLS = YES;
				SWIFT_ACTIVE_COMPILATION_CONDITIONS = "DEBUG $(inherited)";
				SWIFT_OPTIMIZATION_LEVEL = "-Onone";
			};
			name = Debug;
		};
		F7000001000000000000005 /* Release */ = {
			isa = XCBuildConfiguration;
			buildSettings = {
				ALWAYS_SEARCH_USER_PATHS = NO;
				ASSETCATALOG_COMPILER_GENERATE_SWIFT_ASSET_SYMBOL_EXTENSIONS = YES;
				CLANG_ANALYZER_NONNULL = YES;
				CLANG_ANALYZER_NUMBER_OBJECT_CONVERSION = YES_AGGRESSIVE;
				CLANG_CXX_LANGUAGE_STANDARD = "gnu++20";
				CLANG_ENABLE_MODULES = YES;
				CLANG_ENABLE_OBJC_ARC = YES;
				CLANG_ENABLE_OBJC_WEAK = YES;
				CLANG_WARN_BLOCK_CAPTURE_AUTORELEASING = YES;
				CLANG_WARN_BOOL_CONVERSION = YES;
				CLANG_WARN_COMMA = YES;
				CLANG_WARN_CONSTANT_CONVERSION = YES;
				CLANG_WARN_DEPRECATED_OBJC_IMPLEMENTATIONS = YES;
				CLANG_WARN_DIRECT_OBJC_ISA_USAGE = YES_ERROR;
				CLANG_WARN_DOCUMENTATION_COMMENTS = YES;
				CLANG_WARN_EMPTY_BODY = YES;
				CLANG_WARN_ENUM_CONVERSION = YES;
				CLANG_WARN_INFINITE_RECURSION = YES;
				CLANG_WARN_INT_CONVERSION = YES;
				CLANG_WARN_NON_LITERAL_NULL_CONVERSION = YES;
				CLANG_WARN_OBJC_IMPLICIT_RETAIN_SELF = YES;
				CLANG_WARN_OBJC_LITERAL_CONVERSION = YES;
				CLANG_WARN_OBJC_ROOT_CLASS = YES_ERROR;
				CLANG_WARN_QUOTED_INCLUDE_IN_FRAMEWORK_HEADER = YES;
				CLANG_WARN_RANGE_LOOP_ANALYSIS = YES;
				CLANG_WARN_STRICT_PROTOTYPES = YES;
				CLANG_WARN_SUSPICIOUS_MOVE = YES;
				CLANG_WARN_UNGUARDED_AVAILABILITY = YES_AGGRESSIVE;
				CLANG_WARN_UNREACHABLE_CODE = YES;
				CLANG_WARN__DUPLICATE_METHOD_MATCH = YES;
				COPY_PHASE_STRIP = NO;
				DEAD_CODE_STRIPPING = YES;
				DEBUG_INFORMATION_FORMAT = "dwarf-with-dsym";
				ENABLE_NS_ASSERTIONS = NO;
				ENABLE_STRICT_OBJC_MSGSEND = YES;
				ENABLE_USER_SCRIPT_SANDBOXING = YES;
				GCC_C_LANGUAGE_STANDARD = gnu17;
				GCC_NO_COMMON_BLOCKS = YES;
				GCC_WARN_64_TO_32_BIT_CONVERSION = YES;
				GCC_WARN_ABOUT_RETURN_TYPE = YES_ERROR;
				GCC_WARN_UNDECLARED_SELECTOR = YES;
				GCC_WARN_UNINITIALIZED_AUTOS = YES_AGGRESSIVE;
				GCC_WARN_UNUSED_FUNCTION = YES;
				GCC_WARN_UNUSED_VARIABLE = YES;
				LOCALIZATION_PREFERS_STRING_CATALOGS = YES;
				MACOSX_DEPLOYMENT_TARGET = 13.0;
				MTL_ENABLE_DEBUG_INFO = NO;
				MTL_FAST_MATH = YES;
				SDKROOT = macosx;
				STRING_CATALOG_GENERATE_SYMBOLS = YES;
				SWIFT_COMPILATION_MODE = wholemodule;
			};
			name = Release;
		};
		F7000001000000000000006 /* Debug */ = {
			isa = XCBuildConfiguration;
			buildSettings = {
				ASSETCATALOG_COMPILER_APPICON_NAME = AppIcon;
				ASSETCATALOG_COMPILER_GLOBAL_ACCENT_COLOR_NAME = AccentColor;
				CODE_SIGN_ENTITLEMENTS = Sources/Skalman/Resources/Skalman.entitlements;
				CODE_SIGN_STYLE = Automatic;
				COMBINE_HIDPI_IMAGES = YES;
				CURRENT_PROJECT_VERSION = 1;
				DEAD_CODE_STRIPPING = YES;
				DEVELOPMENT_TEAM = "";
				ENABLE_APP_SANDBOX = NO;
				ENABLE_HARDENED_RUNTIME = YES;
				GENERATE_INFOPLIST_FILE = NO;
				INFOPLIST_FILE = Sources/Skalman/Resources/Info.plist;
				INFOPLIST_KEY_CFBundleDisplayName = Skalman;
				INFOPLIST_KEY_LSApplicationCategoryType = "public.app-category.developer-tools";
				INFOPLIST_KEY_NSHumanReadableCopyright = "";
				LD_RUNPATH_SEARCH_PATHS = (
					"$(inherited)",
					"@executable_path/../Frameworks",
				);
				MARKETING_VERSION = 1.0;
				PRODUCT_BUNDLE_IDENTIFIER = se.mjukis.Skalman;
				PRODUCT_NAME = "$(TARGET_NAME)";
				RUNTIME_EXCEPTION_ALLOW_UNSIGNED_EXECUTABLE_MEMORY = YES;
				RUNTIME_EXCEPTION_DISABLE_LIBRARY_VALIDATION = YES;
				SWIFT_EMIT_LOC_STRINGS = YES;
				SWIFT_STRICT_CONCURRENCY = targeted;
				SWIFT_VERSION = 5.0;
			};
			name = Debug;
		};
		F7000001000000000000007 /* Release */ = {
			isa = XCBuildConfiguration;
			buildSettings = {
				ASSETCATALOG_COMPILER_APPICON_NAME = AppIcon;
				ASSETCATALOG_COMPILER_GLOBAL_ACCENT_COLOR_NAME = AccentColor;
				CODE_SIGN_ENTITLEMENTS = Sources/Skalman/Resources/Skalman.entitlements;
				"CODE_SIGN_IDENTITY[sdk=macosx*]" = "Apple Development";
				CODE_SIGN_STYLE = Automatic;
				COMBINE_HIDPI_IMAGES = YES;
				CURRENT_PROJECT_VERSION = 1;
				DEAD_CODE_STRIPPING = YES;
				DEVELOPMENT_TEAM = SMQ3E8Y57T;
				ENABLE_APP_SANDBOX = NO;
				ENABLE_HARDENED_RUNTIME = YES;
				GENERATE_INFOPLIST_FILE = NO;
				INFOPLIST_FILE = Sources/Skalman/Resources/Info.plist;
				INFOPLIST_KEY_CFBundleDisplayName = Skalman;
				INFOPLIST_KEY_LSApplicationCategoryType = "public.app-category.developer-tools";
				INFOPLIST_KEY_NSHumanReadableCopyright = "";
				LD_RUNPATH_SEARCH_PATHS = (
					"$(inherited)",
					"@executable_path/../Frameworks",
				);
				MARKETING_VERSION = 1.0;
				PRODUCT_BUNDLE_IDENTIFIER = se.mjukis.Skalman;
				PRODUCT_NAME = "$(TARGET_NAME)";
				RUNTIME_EXCEPTION_ALLOW_UNSIGNED_EXECUTABLE_MEMORY = YES;
				RUNTIME_EXCEPTION_DISABLE_LIBRARY_VALIDATION = YES;
				SWIFT_EMIT_LOC_STRINGS = YES;
				SWIFT_STRICT_CONCURRENCY = targeted;
				SWIFT_VERSION = 5.0;
			};
			name = Release;
		};
/* End XCBuildConfiguration section */

/* Begin XCConfigurationList section */
		61DA317B0D969A1DC194B4C8 /* Build configuration list for PBXNativeTarget "SkalmanTests" */ = {
			isa = XCConfigurationList;
			buildConfigurations = (
				749F6BEEACCEE7D0BB1D2F91 /* Release */,
				C663059E0D7D5F7C061F7848 /* Debug */,
			);
			defaultConfigurationIsVisible = 0;
			defaultConfigurationName = Release;
		};
		F7000001000000000000001 /* Build configuration list for PBXProject "Skalman" */ = {
			isa = XCConfigurationList;
			buildConfigurations = (
				F7000001000000000000004 /* Debug */,
				F7000001000000000000005 /* Release */,
			);
			defaultConfigurationIsVisible = 0;
			defaultConfigurationName = Release;
		};
		F7000001000000000000003 /* Build configuration list for PBXNativeTarget "Skalman" */ = {
			isa = XCConfigurationList;
			buildConfigurations = (
				F7000001000000000000006 /* Debug */,
				F7000001000000000000007 /* Release */,
			);
			defaultConfigurationIsVisible = 0;
			defaultConfigurationName = Release;
		};
/* End XCConfigurationList section */

/* Begin XCLocalSwiftPackageReference section */
		F4000001000000000000002 /* XCLocalSwiftPackageReference "SwiftTerm" */ = {
			isa = XCLocalSwiftPackageReference;
			relativePath = SwiftTerm;
		};
		F4000001000000000000004 /* XCLocalSwiftPackageReference "ThinkingOrbs" */ = {
			isa = XCLocalSwiftPackageReference;
			relativePath = ThinkingOrbs;
		};
		F4000001000000000000006 /* XCLocalSwiftPackageReference "LabelMorph" */ = {
			isa = XCLocalSwiftPackageReference;
			relativePath = LabelMorph;
		};
/* End XCLocalSwiftPackageReference section */

/* Begin XCSwiftPackageProductDependency section */
		F4000001000000000000001 /* SwiftTerm */ = {
			isa = XCSwiftPackageProductDependency;
			productName = SwiftTerm;
		};
		F4000001000000000000003 /* ThinkingOrbs */ = {
			isa = XCSwiftPackageProductDependency;
			productName = ThinkingOrbs;
		};
		F4000001000000000000005 /* LabelMorph */ = {
			isa = XCSwiftPackageProductDependency;
			productName = LabelMorph;
		};
/* End XCSwiftPackageProductDependency section */
	};
	rootObject = F8000001000000000000001 /* Project object */;
}
