// !$*UTF8*$!
{
	archiveVersion = 1;
	classes = {
	};
	objectVersion = 70;
	objects = {

/* Begin PBXBuildFile section */
		5CC000010000000000000001 /* scc in Embed Extension Helpers */ = {isa = PBXBuildFile; fileRef = 5CC000010000000000000002 /* scc */; settings = {ATTRIBUTES = (CodeSignOnCopy, ); }; };
		7A0000010000000000000001 /* main.swift in Sources */ = {isa = PBXBuildFile; fileRef = 7A0000010000000000000011 /* main.swift */; };
		7A0000010000000000000002 /* ThreadingWasmRuntime in Frameworks */ = {isa = PBXBuildFile; productRef = 7A0000010000000000000091 /* ThreadingWasmRuntime */; };
		7A0000010000000000000003 /* ThreadingWasmExtensionRunner in Embed Extension Helpers */ = {isa = PBXBuildFile; fileRef = 7A0000010000000000000014 /* ThreadingWasmExtensionRunner */; settings = {ATTRIBUTES = (CodeSignOnCopy, ); }; };
		09EEC39439CEDA7EAFBC697C /* main.swift in Sources */ = {isa = PBXBuildFile; fileRef = 724489E037A877AC092F16DE /* main.swift */; };
		56AEA0E2733EBEE96BA2A24F /* Cocoa.framework in Frameworks */ = {isa = PBXBuildFile; fileRef = DFC75BD17798FB18BE69A8D1 /* Cocoa.framework */; };
		6746DE83B248339F7A44A795 /* ExtensionRunnerRequest.swift in Sources */ = {isa = PBXBuildFile; fileRef = 09B615390888E592FA931EAC /* ExtensionRunnerRequest.swift */; };
		723062734D38CA186B79347F /* Cocoa.framework in Frameworks */ = {isa = PBXBuildFile; fileRef = DFC75BD17798FB18BE69A8D1 /* Cocoa.framework */; };
		89DB8D32FAE049571D22D568 /* ThreadingExtensionHelperNetwork in Embed Extension Helpers */ = {isa = PBXBuildFile; fileRef = 543E83291094AE2E9DCA09FB /* ThreadingExtensionHelperNetwork */; settings = {ATTRIBUTES = (CodeSignOnCopy, ); }; };
		953EC13AE9B26A038EF6BA1C /* ExtensionRunnerRequest.swift in Sources */ = {isa = PBXBuildFile; fileRef = 09B615390888E592FA931EAC /* ExtensionRunnerRequest.swift */; };
		A09CD2FDD17E4E72005ECE03 /* ExtensionRunnerRequest.swift in Sources */ = {isa = PBXBuildFile; fileRef = 09B615390888E592FA931EAC /* ExtensionRunnerRequest.swift */; };
		A39A300DF9F7CA8D21A7B7C3 /* main.swift in Sources */ = {isa = PBXBuildFile; fileRef = 724489E037A877AC092F16DE /* main.swift */; };
		B3428F33752A23B8DF9DA8F8 /* Cocoa.framework in Frameworks */ = {isa = PBXBuildFile; fileRef = DFC75BD17798FB18BE69A8D1 /* Cocoa.framework */; };
		B81F7A1E07A694FFB193A1BD /* ThreadingExtensionHelper in Embed Extension Helpers */ = {isa = PBXBuildFile; fileRef = C20CE9CA503B8DC639CAB992 /* ThreadingExtensionHelper */; settings = {ATTRIBUTES = (CodeSignOnCopy, ); }; };
		5AAA00010000000000000011 /* Sparkle in Frameworks */ = {isa = PBXBuildFile; productRef = 5AAA00010000000000000001 /* Sparkle */; };
		D1FF00010000000000000011 /* NativeDiffCore in Frameworks */ = {isa = PBXBuildFile; productRef = D1FF00010000000000000001 /* NativeDiffCore */; };
		D1FF00010000000000000012 /* NativeDiffAppKit in Frameworks */ = {isa = PBXBuildFile; productRef = D1FF00010000000000000002 /* NativeDiffAppKit */; };
		D1FF00010000000000000013 /* NativeDiffCore in Frameworks */ = {isa = PBXBuildFile; productRef = D1FF00010000000000000003 /* NativeDiffCore */; };
		D1FF00010000000000000014 /* NativeDiffUIKit in Frameworks */ = {isa = PBXBuildFile; productRef = D1FF00010000000000000004 /* NativeDiffUIKit */; };
		F1000001000000000000036 /* SwiftTerm in Frameworks */ = {isa = PBXBuildFile; productRef = F4000001000000000000001 /* SwiftTerm */; };
		F1000001000000000000037 /* ThinkingOrbs in Frameworks */ = {isa = PBXBuildFile; productRef = F4000001000000000000003 /* ThinkingOrbs */; };
		F1000001000000000000038 /* LabelMorph in Frameworks */ = {isa = PBXBuildFile; productRef = F4000001000000000000005 /* LabelMorph */; };
		F1000001000000000000042 /* BorderBeamKit in Frameworks */ = {isa = PBXBuildFile; productRef = F4000001000000000000011 /* BorderBeamKit */; };
		F1000001000000000000039 /* ThreadingExtensionKit in Frameworks */ = {isa = PBXBuildFile; productRef = F4000001000000000000007 /* ThreadingExtensionKit */; };
		F1000001000000000000041 /* ThreadingRemoteKit in Frameworks */ = {isa = PBXBuildFile; productRef = F4000001000000000000009 /* ThreadingRemoteKit */; };
		D0A100010000000000000001 /* ThreadingDomain in Frameworks */ = {isa = PBXBuildFile; productRef = D0A100010000000000000003 /* ThreadingDomain */; };
		D3EE00010000000000000001 /* ThreadingPeerTransport in Frameworks */ = {isa = PBXBuildFile; productRef = D3EE00010000000000000004 /* ThreadingPeerTransport */; };
		F1000001000000000000040 /* ThreadingExtensionKit in Frameworks */ = {isa = PBXBuildFile; productRef = F4000001000000000000007 /* ThreadingExtensionKit */; };
		A20000010000000000000012 /* SwiftTerm in Frameworks */ = {isa = PBXBuildFile; productRef = A20000010000000000000010 /* SwiftTerm */; };
		A20000010000000000000013 /* ThreadingRemoteKit in Frameworks */ = {isa = PBXBuildFile; productRef = A20000010000000000000011 /* ThreadingRemoteKit */; };
		D3EE00010000000000000002 /* ThreadingPeerTransport in Frameworks */ = {isa = PBXBuildFile; productRef = D3EE00010000000000000005 /* ThreadingPeerTransport */; };
		A20000010000000000000017 /* ThreadingExtensionKit in Frameworks */ = {isa = PBXBuildFile; productRef = F4000001000000000000007 /* ThreadingExtensionKit */; };
		A20000010000000000000018 /* ThinkingOrbs in Frameworks */ = {isa = PBXBuildFile; productRef = F4000001000000000000003 /* ThinkingOrbs */; };
		A20000010000000000000016 /* AppIcon.icon in Resources */ = {isa = PBXBuildFile; fileRef = A20000010000000000000015 /* AppIcon.icon */; };
		B70000010000000000000002 /* Fonts in Resources */ = {isa = PBXBuildFile; fileRef = B70000010000000000000001 /* Fonts */; };
		D2E00001000000000000000C /* Cocoa.framework in Frameworks */ = {isa = PBXBuildFile; fileRef = DFC75BD17798FB18BE69A8D1 /* Cocoa.framework */; };
		D2E00001000000000000000D /* NotificationDeliveryE2ETests.swift in Sources */ = {isa = PBXBuildFile; fileRef = D2E000010000000000000003 /* NotificationDeliveryE2ETests.swift */; };
		B20000010000000000000001 /* NotificationDeepLinkTests.swift in Sources */ = {isa = PBXBuildFile; fileRef = B20000010000000000000004 /* NotificationDeepLinkTests.swift */; };
		A61100010000000000000001 /* RemoteUsageDashboardTests.swift in Sources */ = {isa = PBXBuildFile; fileRef = A61100010000000000000002 /* RemoteUsageDashboardTests.swift */; };
		A61200010000000000000001 /* RemoteConversationStoreTests.swift in Sources */ = {isa = PBXBuildFile; fileRef = A61200010000000000000002 /* RemoteConversationStoreTests.swift */; };
		A61300010000000000000001 /* SessionDashboardTests.swift in Sources */ = {isa = PBXBuildFile; fileRef = A61300010000000000000002 /* SessionDashboardTests.swift */; };
		A61400010000000000000001 /* MobileCollaborationPresentationTests.swift in Sources */ = {isa = PBXBuildFile; fileRef = A61400010000000000000002 /* MobileCollaborationPresentationTests.swift */; };
		A61500010000000000000001 /* MobileSessionChromeTests.swift in Sources */ = {isa = PBXBuildFile; fileRef = A61500010000000000000002 /* MobileSessionChromeTests.swift */; };
		A62000010000000000000001 /* TerminalKeyboardDismissalTests.swift in Sources */ = {isa = PBXBuildFile; fileRef = A62000010000000000000002 /* TerminalKeyboardDismissalTests.swift */; };
		A62100010000000000000001 /* MobileWorkingOrbTests.swift in Sources */ = {isa = PBXBuildFile; fileRef = A62100010000000000000002 /* MobileWorkingOrbTests.swift */; };
		A62200010000000000000001 /* MobileSessionNavigationTransitionTests.swift in Sources */ = {isa = PBXBuildFile; fileRef = A62200010000000000000002 /* MobileSessionNavigationTransitionTests.swift */; };
		A62300010000000000000001 /* MobileAgentIdentityTests.swift in Sources */ = {isa = PBXBuildFile; fileRef = A62300010000000000000002 /* MobileAgentIdentityTests.swift */; };
		A61900010000000000000001 /* RemoteTerminalScrollTests.swift in Sources */ = {isa = PBXBuildFile; fileRef = A61900010000000000000002 /* RemoteTerminalScrollTests.swift */; };
		A61600010000000000000001 /* MobileThemeChromeTests.swift in Sources */ = {isa = PBXBuildFile; fileRef = A61600010000000000000002 /* MobileThemeChromeTests.swift */; };
		A61700010000000000000001 /* RemoteConnectionFailureTests.swift in Sources */ = {isa = PBXBuildFile; fileRef = A61700010000000000000002 /* RemoteConnectionFailureTests.swift */; };
		A61800010000000000000001 /* MobileConnectionDiagnosticsTests.swift in Sources */ = {isa = PBXBuildFile; fileRef = A61800010000000000000002 /* MobileConnectionDiagnosticsTests.swift */; };
		B20000010000000000000002 /* ThreadingRemoteKit in Frameworks */ = {isa = PBXBuildFile; productRef = A20000010000000000000011 /* ThreadingRemoteKit */; };
		B20000010000000000000003 /* ThreadingExtensionKit in Frameworks */ = {isa = PBXBuildFile; productRef = F4000001000000000000007 /* ThreadingExtensionKit */; };
/* End PBXBuildFile section */

/* Begin PBXContainerItemProxy section */
		7A0000010000000000000021 /* PBXContainerItemProxy */ = {
			isa = PBXContainerItemProxy;
			containerPortal = F8000001000000000000001 /* Project object */;
			proxyType = 1;
			remoteGlobalIDString = 7A0000010000000000000051;
			remoteInfo = ThreadingWasmExtensionRunner;
		};
		04945DA7B3517A8184BC0A01 /* PBXContainerItemProxy */ = {
			isa = PBXContainerItemProxy;
			containerPortal = F8000001000000000000001 /* Project object */;
			proxyType = 1;
			remoteGlobalIDString = 1459DEBF5B7709D7DCD407A2;
			remoteInfo = ThreadingExtensionHelperNetwork;
		};
		28376D7AA2BB73D3CD291113 /* PBXContainerItemProxy */ = {
			isa = PBXContainerItemProxy;
			containerPortal = F8000001000000000000001 /* Project object */;
			proxyType = 1;
			remoteGlobalIDString = DB14898531F8EFBEA7892331;
			remoteInfo = ThreadingExtensionHelper;
		};
		95814D89024CC2AED2A443AC /* PBXContainerItemProxy */ = {
			isa = PBXContainerItemProxy;
			containerPortal = F8000001000000000000001 /* Project object */;
			proxyType = 1;
			remoteGlobalIDString = F6000001000000000000001;
			remoteInfo = Threading;
		};
		D2E000010000000000000007 /* PBXContainerItemProxy */ = {
			isa = PBXContainerItemProxy;
			containerPortal = F8000001000000000000001 /* Project object */;
			proxyType = 1;
			remoteGlobalIDString = F6000001000000000000001;
			remoteInfo = Threading;
		};
		B20000010000000000000006 /* PBXContainerItemProxy */ = {
			isa = PBXContainerItemProxy;
			containerPortal = F8000001000000000000001 /* Project object */;
			proxyType = 1;
			remoteGlobalIDString = A20000010000000000000001;
			remoteInfo = ThreadingMobile;
		};
		C0D100010000000000000007 /* PBXContainerItemProxy */ = {
			isa = PBXContainerItemProxy;
			containerPortal = F8000001000000000000001 /* Project object */;
			proxyType = 1;
			remoteGlobalIDString = F6000001000000000000001;
			remoteInfo = Threading;
		};
/* End PBXContainerItemProxy section */

/* Begin PBXCopyFilesBuildPhase section */
		877EDD4F2A5B003140CB8A81 /* Embed Extension Helpers */ = {
			isa = PBXCopyFilesBuildPhase;
			buildActionMask = 2147483647;
			dstPath = Contents/Helpers;
			dstSubfolderSpec = 1;
			files = (
				5CC000010000000000000001 /* scc in Embed Extension Helpers */,
				B81F7A1E07A694FFB193A1BD /* ThreadingExtensionHelper in Embed Extension Helpers */,
				89DB8D32FAE049571D22D568 /* ThreadingExtensionHelperNetwork in Embed Extension Helpers */,
				7A0000010000000000000003 /* ThreadingWasmExtensionRunner in Embed Extension Helpers */,
			);
			name = "Embed Extension Helpers";
			runOnlyForDeploymentPostprocessing = 0;
		};
/* End PBXCopyFilesBuildPhase section */

/* Begin PBXFileReference section */
		5CC000010000000000000002 /* scc */ = {isa = PBXFileReference; explicitFileType = "compiled.mach-o.executable"; includeInIndex = 0; path = scc; sourceTree = "<group>"; };
		7A0000010000000000000011 /* main.swift */ = {isa = PBXFileReference; includeInIndex = 1; lastKnownFileType = sourcecode.swift; path = Packages/ThreadingWasmRuntime/Sources/ThreadingWasmExtensionRunner/main.swift; sourceTree = SOURCE_ROOT; };
		7A0000010000000000000012 /* Info.plist */ = {isa = PBXFileReference; includeInIndex = 1; lastKnownFileType = text.plist.xml; path = Targets/WasmRunner/Info.plist; sourceTree = SOURCE_ROOT; };
		7A0000010000000000000013 /* threading-wasm-extension-runner.entitlements */ = {isa = PBXFileReference; includeInIndex = 1; lastKnownFileType = text.plist.entitlements; path = Targets/WasmRunner/threading-wasm-extension-runner.entitlements; sourceTree = SOURCE_ROOT; };
		7A0000010000000000000014 /* ThreadingWasmExtensionRunner */ = {isa = PBXFileReference; includeInIndex = 0; path = ThreadingWasmExtensionRunner; sourceTree = BUILT_PRODUCTS_DIR; };
		09B615390888E592FA931EAC /* ExtensionRunnerRequest.swift */ = {isa = PBXFileReference; includeInIndex = 1; lastKnownFileType = sourcecode.swift; path = ExtensionRunnerRequest.swift; sourceTree = "<group>"; };
		161EB5CC2018AEE0E4E9F95F /* ThreadingExtensionHelperNetwork */ = {isa = PBXFileReference; includeInIndex = 0; path = ThreadingExtensionHelperNetwork; sourceTree = BUILT_PRODUCTS_DIR; };
		19157F0EEE4BA2AFB5105E44 /* Info-network.plist */ = {isa = PBXFileReference; includeInIndex = 1; lastKnownFileType = text.plist.xml; path = "Info-network.plist"; sourceTree = "<group>"; };
		3F3EFEC8D4B4F821C9695ABA /* ThreadingExtensionHelper */ = {isa = PBXFileReference; includeInIndex = 0; path = ThreadingExtensionHelper; sourceTree = BUILT_PRODUCTS_DIR; };
		543E83291094AE2E9DCA09FB /* ThreadingExtensionHelperNetwork */ = {isa = PBXFileReference; includeInIndex = 0; path = ThreadingExtensionHelperNetwork; sourceTree = BUILT_PRODUCTS_DIR; };
		595C17B45A239472429DDEC8 /* threading-extension-helper.entitlements */ = {isa = PBXFileReference; includeInIndex = 1; lastKnownFileType = text.plist.entitlements; path = "threading-extension-helper.entitlements"; sourceTree = "<group>"; };
		661FF20242AD94BEA7B16F91 /* ThreadingExtensionHelper */ = {isa = PBXFileReference; includeInIndex = 0; path = ThreadingExtensionHelper; sourceTree = BUILT_PRODUCTS_DIR; };
		724489E037A877AC092F16DE /* main.swift */ = {isa = PBXFileReference; includeInIndex = 1; lastKnownFileType = sourcecode.swift; path = main.swift; sourceTree = "<group>"; };
		72E4FC8EDC79F143EA49545C /* ThreadingTests.xctest */ = {isa = PBXFileReference; explicitFileType = wrapper.cfbundle; includeInIndex = 0; path = ThreadingTests.xctest; sourceTree = BUILT_PRODUCTS_DIR; };
		D2E000010000000000000002 /* ThreadingNotificationE2ETests.xctest */ = {isa = PBXFileReference; explicitFileType = wrapper.cfbundle; includeInIndex = 0; path = ThreadingNotificationE2ETests.xctest; sourceTree = BUILT_PRODUCTS_DIR; };
		D2E000010000000000000003 /* NotificationDeliveryE2ETests.swift */ = {isa = PBXFileReference; includeInIndex = 1; lastKnownFileType = sourcecode.swift; path = NotificationDeliveryE2ETests.swift; sourceTree = "<group>"; };
		B20000010000000000000004 /* NotificationDeepLinkTests.swift */ = {isa = PBXFileReference; includeInIndex = 1; lastKnownFileType = sourcecode.swift; path = NotificationDeepLinkTests.swift; sourceTree = "<group>"; };
		A61100010000000000000002 /* RemoteUsageDashboardTests.swift */ = {isa = PBXFileReference; includeInIndex = 1; lastKnownFileType = sourcecode.swift; path = RemoteUsageDashboardTests.swift; sourceTree = "<group>"; };
		A61200010000000000000002 /* RemoteConversationStoreTests.swift */ = {isa = PBXFileReference; includeInIndex = 1; lastKnownFileType = sourcecode.swift; path = RemoteConversationStoreTests.swift; sourceTree = "<group>"; };
		A61300010000000000000002 /* SessionDashboardTests.swift */ = {isa = PBXFileReference; includeInIndex = 1; lastKnownFileType = sourcecode.swift; path = SessionDashboardTests.swift; sourceTree = "<group>"; };
		A61400010000000000000002 /* MobileCollaborationPresentationTests.swift */ = {isa = PBXFileReference; includeInIndex = 1; lastKnownFileType = sourcecode.swift; path = MobileCollaborationPresentationTests.swift; sourceTree = "<group>"; };
		A61500010000000000000002 /* MobileSessionChromeTests.swift */ = {isa = PBXFileReference; includeInIndex = 1; lastKnownFileType = sourcecode.swift; path = MobileSessionChromeTests.swift; sourceTree = "<group>"; };
		A62000010000000000000002 /* TerminalKeyboardDismissalTests.swift */ = {isa = PBXFileReference; includeInIndex = 1; lastKnownFileType = sourcecode.swift; path = TerminalKeyboardDismissalTests.swift; sourceTree = "<group>"; };
		A62100010000000000000002 /* MobileWorkingOrbTests.swift */ = {isa = PBXFileReference; includeInIndex = 1; lastKnownFileType = sourcecode.swift; path = MobileWorkingOrbTests.swift; sourceTree = "<group>"; };
		A62200010000000000000002 /* MobileSessionNavigationTransitionTests.swift */ = {isa = PBXFileReference; includeInIndex = 1; lastKnownFileType = sourcecode.swift; path = MobileSessionNavigationTransitionTests.swift; sourceTree = "<group>"; };
		A62300010000000000000002 /* MobileAgentIdentityTests.swift */ = {isa = PBXFileReference; includeInIndex = 1; lastKnownFileType = sourcecode.swift; path = MobileAgentIdentityTests.swift; sourceTree = "<group>"; };
		A61900010000000000000002 /* RemoteTerminalScrollTests.swift */ = {isa = PBXFileReference; includeInIndex = 1; lastKnownFileType = sourcecode.swift; path = RemoteTerminalScrollTests.swift; sourceTree = "<group>"; };
		A61600010000000000000002 /* MobileThemeChromeTests.swift */ = {isa = PBXFileReference; includeInIndex = 1; lastKnownFileType = sourcecode.swift; path = MobileThemeChromeTests.swift; sourceTree = "<group>"; };
		A61700010000000000000002 /* RemoteConnectionFailureTests.swift */ = {isa = PBXFileReference; includeInIndex = 1; lastKnownFileType = sourcecode.swift; path = RemoteConnectionFailureTests.swift; sourceTree = "<group>"; };
		A61800010000000000000002 /* MobileConnectionDiagnosticsTests.swift */ = {isa = PBXFileReference; includeInIndex = 1; lastKnownFileType = sourcecode.swift; path = MobileConnectionDiagnosticsTests.swift; sourceTree = "<group>"; };
		B20000010000000000000005 /* ThreadingMobileTests.xctest */ = {isa = PBXFileReference; explicitFileType = wrapper.cfbundle; includeInIndex = 0; path = ThreadingMobileTests.xctest; sourceTree = BUILT_PRODUCTS_DIR; };
		A6563DF6216A83E7016B0C5B /* ThreadingExtensionHelperNetwork */ = {isa = PBXFileReference; includeInIndex = 0; path = ThreadingExtensionHelperNetwork; sourceTree = BUILT_PRODUCTS_DIR; };
		B0339D9A9A84C09D74842AEC /* Info.plist */ = {isa = PBXFileReference; includeInIndex = 1; lastKnownFileType = text.plist.xml; path = Info.plist; sourceTree = "<group>"; };
		C20CE9CA503B8DC639CAB992 /* ThreadingExtensionHelper */ = {isa = PBXFileReference; includeInIndex = 0; path = ThreadingExtensionHelper; sourceTree = BUILT_PRODUCTS_DIR; };
		DFC75BD17798FB18BE69A8D1 /* Cocoa.framework */ = {isa = PBXFileReference; lastKnownFileType = wrapper.framework; name = Cocoa.framework; path = Platforms/MacOSX.platform/Developer/SDKs/MacOSX15.0.sdk/System/Library/Frameworks/Cocoa.framework; sourceTree = DEVELOPER_DIR; };
		F2000001000000000000038 /* Threading.app */ = {isa = PBXFileReference; explicitFileType = wrapper.application; includeInIndex = 0; path = Threading.app; sourceTree = BUILT_PRODUCTS_DIR; };
		A20000010000000000000002 /* ThreadingMobile.app */ = {isa = PBXFileReference; explicitFileType = wrapper.application; includeInIndex = 0; path = ThreadingMobile.app; sourceTree = BUILT_PRODUCTS_DIR; };
		A20000010000000000000015 /* AppIcon.icon */ = {isa = PBXFileReference; path = Sources/Threading/AppIcon.icon; sourceTree = "<group>"; };
		B70000010000000000000001 /* Fonts */ = {isa = PBXFileReference; lastKnownFileType = folder; path = Sources/Threading/Resources/Fonts; sourceTree = "<group>"; };
		F446C4C52994905237C3BE9B /* threading-extension-helper-network.entitlements */ = {isa = PBXFileReference; includeInIndex = 1; lastKnownFileType = text.plist.entitlements; path = "threading-extension-helper-network.entitlements"; sourceTree = "<group>"; };
		C0D100010000000000000002 /* ThreadingUITests.xctest */ = {isa = PBXFileReference; explicitFileType = wrapper.cfbundle; includeInIndex = 0; path = ThreadingUITests.xctest; sourceTree = BUILT_PRODUCTS_DIR; };
/* End PBXFileReference section */

/* Begin PBXFileSystemSynchronizedBuildFileExceptionSet section */
		63D8F4BA2EE47C9A007F49BD /* Exceptions for "Sources" folder in "Threading" target */ = {
			isa = PBXFileSystemSynchronizedBuildFileExceptionSet;
			membershipExceptions = (
				Threading/Resources/Info.plist,
				ThreadingMobile/Localizable.xcstrings,
				ThreadingMobile/ThreadingMobile-InfoPlist.xcstrings,
				ThreadingMobile/ComposerAttachmentTray.swift,
				ThreadingMobile/DemoExperience.swift,
				ThreadingMobile/PairingView.swift,
				ThreadingMobile/HostedRemoteConnectionManager.swift,
				ThreadingMobile/MobileAgentIdentity.swift,
				ThreadingMobile/MobileIssueReporting.swift,
				ThreadingMobile/MobileSettingsChrome.swift,
				ThreadingMobile/MobileThemeEnvironment.swift,
				ThreadingMobile/MobileSettingsView.swift,
				ThreadingMobile/MobileWorkingOrbView.swift,
				ThreadingMobile/MobileWorkspaceActivity.swift,
				ThreadingMobile/MobileSessionContinuityStore.swift,
				ThreadingMobile/RemoteAppModel.swift,
				ThreadingMobile/RemoteAttachmentsView.swift,
				ThreadingMobile/RemoteBrowserFollowView.swift,
				ThreadingMobile/RemoteClient.swift,
				ThreadingMobile/RemoteConversationStore.swift,
				ThreadingMobile/RemoteConversationTimelineViewController.swift,
				ThreadingMobile/RemoteConversationViewController.swift,
				ThreadingMobile/RemoteDiagnostics.swift,
				ThreadingMobile/RemoteExtensionPanelView.swift,
				ThreadingMobile/RemoteHostStore.swift,
				ThreadingMobile/RemoteGitReviewView.swift,
				ThreadingMobile/RemoteNotifications.swift,
				ThreadingMobile/RemoteSessionConnection.swift,
				ThreadingMobile/RemoteTheme.swift,
				ThreadingMobile/RemoteUsageDashboardView.swift,
				ThreadingMobile/RootView.swift,
				ThreadingMobile/ScreenEdgeSwipe.swift,
				ThreadingMobile/SessionDashboard.swift,
				ThreadingMobile/SessionDetailView.swift,
				ThreadingMobile/SessionWorkspaceView.swift,
				ThreadingMobile/ThreadingMobileApp.swift,
				ThreadingMobile/ThreadingMobile.entitlements,
				ThreadingMobile/TerminalViewRepresentable.swift,
				ThreadingMobile/TerminalKeyBar.swift,
				ThreadingMobile/TerminalKeyboardEditorView.swift,
				ThreadingMobile/MobileTerminalKeyboardStore.swift,
				ThreadingMobile/ThemedDialog.swift,
			);
			target = F6000001000000000000001 /* Threading */;
		};
/* End PBXFileSystemSynchronizedBuildFileExceptionSet section */

/* Begin PBXFileSystemSynchronizedRootGroup section */
		63D8F4952EE47C9A007F49BD /* Sources */ = {
			isa = PBXFileSystemSynchronizedRootGroup;
			exceptions = (
				63D8F4BA2EE47C9A007F49BD /* Exceptions for "Sources" folder in "Threading" target */,
			);
			explicitFileTypes = {
			};
			explicitFolders = (
				Threading/Resources/BrowserAutomation,
				Threading/Resources/Icons,
				Threading/Resources/RemoteClient,
			);
			path = Sources;
			sourceTree = "<group>";
		};
		A20000010000000000000014 /* ThreadingMobile */ = {
			isa = PBXFileSystemSynchronizedRootGroup;
			explicitFileTypes = {
			};
			explicitFolders = (
			);
			path = Sources/ThreadingMobile;
			sourceTree = "<group>";
		};
		C0D100010000000000000003 /* ThreadingUITests */ = {
			isa = PBXFileSystemSynchronizedRootGroup;
			explicitFileTypes = {
			};
			explicitFolders = (
			);
			path = Tests/ThreadingUITests;
			sourceTree = "<group>";
		};
		B1792448FB880E01F5D9086C /* Tests */ = {
			isa = PBXFileSystemSynchronizedRootGroup;
			explicitFileTypes = {
			};
			explicitFolders = (
			);
			path = Tests/ThreadingTests;
			sourceTree = "<group>";
		};
/* End PBXFileSystemSynchronizedRootGroup section */

/* Begin PBXFrameworksBuildPhase section */
		7A0000010000000000000031 /* Frameworks */ = {
			isa = PBXFrameworksBuildPhase;
			buildActionMask = 2147483647;
			files = (
				7A0000010000000000000002 /* ThreadingWasmRuntime in Frameworks */,
			);
			runOnlyForDeploymentPostprocessing = 0;
		};
		56FF87A7554976846335914F /* Frameworks */ = {
			isa = PBXFrameworksBuildPhase;
			buildActionMask = 2147483647;
			files = (
				B3428F33752A23B8DF9DA8F8 /* Cocoa.framework in Frameworks */,
				F1000001000000000000040 /* ThreadingExtensionKit in Frameworks */,
			);
			runOnlyForDeploymentPostprocessing = 0;
		};
		F3000001000000000000001 /* Frameworks */ = {
			isa = PBXFrameworksBuildPhase;
			buildActionMask = 2147483647;
			files = (
				F1000001000000000000036 /* SwiftTerm in Frameworks */,
				F1000001000000000000037 /* ThinkingOrbs in Frameworks */,
				F1000001000000000000038 /* LabelMorph in Frameworks */,
				F1000001000000000000042 /* BorderBeamKit in Frameworks */,
				F1000001000000000000039 /* ThreadingExtensionKit in Frameworks */,
				F1000001000000000000041 /* ThreadingRemoteKit in Frameworks */,
				D0A100010000000000000001 /* ThreadingDomain in Frameworks */,
				D3EE00010000000000000001 /* ThreadingPeerTransport in Frameworks */,
				D1FF00010000000000000011 /* NativeDiffCore in Frameworks */,
				D1FF00010000000000000012 /* NativeDiffAppKit in Frameworks */,
				5AAA00010000000000000011 /* Sparkle in Frameworks */,
			);
			runOnlyForDeploymentPostprocessing = 0;
		};
		D2E000010000000000000005 /* Frameworks */ = {
			isa = PBXFrameworksBuildPhase;
			buildActionMask = 2147483647;
			files = (
				D2E00001000000000000000C /* Cocoa.framework in Frameworks */,
			);
			runOnlyForDeploymentPostprocessing = 0;
		};
		A20000010000000000000003 /* Frameworks */ = {
			isa = PBXFrameworksBuildPhase;
			buildActionMask = 2147483647;
			files = (
				A20000010000000000000012 /* SwiftTerm in Frameworks */,
				A20000010000000000000013 /* ThreadingRemoteKit in Frameworks */,
				D3EE00010000000000000002 /* ThreadingPeerTransport in Frameworks */,
				A20000010000000000000017 /* ThreadingExtensionKit in Frameworks */,
				A20000010000000000000018 /* ThinkingOrbs in Frameworks */,
				D1FF00010000000000000013 /* NativeDiffCore in Frameworks */,
				D1FF00010000000000000014 /* NativeDiffUIKit in Frameworks */,
			);
			runOnlyForDeploymentPostprocessing = 0;
		};
		B20000010000000000000007 /* Frameworks */ = {
			isa = PBXFrameworksBuildPhase;
			buildActionMask = 2147483647;
			files = (
				B20000010000000000000002 /* ThreadingRemoteKit in Frameworks */,
				B20000010000000000000003 /* ThreadingExtensionKit in Frameworks */,
			);
			runOnlyForDeploymentPostprocessing = 0;
		};
		C0D100010000000000000004 /* Frameworks */ = {
			isa = PBXFrameworksBuildPhase;
			buildActionMask = 2147483647;
			files = (
			);
			runOnlyForDeploymentPostprocessing = 0;
		};
/* End PBXFrameworksBuildPhase section */

/* Begin PBXGroup section */
		5CC000010000000000000003 /* Bundled scc */ = {
			isa = PBXGroup;
			children = (
				5CC000010000000000000002 /* scc */,
			);
			name = "Bundled scc";
			path = ThirdParty/scc;
			sourceTree = SOURCE_ROOT;
		};
		7A0000010000000000000041 /* Wasm Runner */ = {
			isa = PBXGroup;
			children = (
				7A0000010000000000000011 /* main.swift */,
				7A0000010000000000000012 /* Info.plist */,
				7A0000010000000000000013 /* threading-wasm-extension-runner.entitlements */,
			);
			name = "Wasm Runner";
			sourceTree = "<group>";
		};
		25B0E33ED576F9158763F7B2 /* Frameworks */ = {
			isa = PBXGroup;
			children = (
				D99AEB234BECE87FAD063CB3 /* OS X */,
			);
			name = Frameworks;
			sourceTree = "<group>";
		};
		D99AEB234BECE87FAD063CB3 /* OS X */ = {
			isa = PBXGroup;
			children = (
				DFC75BD17798FB18BE69A8D1 /* Cocoa.framework */,
			);
			name = "OS X";
			sourceTree = "<group>";
		};
		DEBA3EC0E0E1A6C00C62BAE7 /* Extension Helper */ = {
			isa = PBXGroup;
			children = (
				09B615390888E592FA931EAC /* ExtensionRunnerRequest.swift */,
				724489E037A877AC092F16DE /* main.swift */,
				B0339D9A9A84C09D74842AEC /* Info.plist */,
				595C17B45A239472429DDEC8 /* threading-extension-helper.entitlements */,
				19157F0EEE4BA2AFB5105E44 /* Info-network.plist */,
				F446C4C52994905237C3BE9B /* threading-extension-helper-network.entitlements */,
			);
			name = "Extension Helper";
			path = Targets/ExtensionHelper;
			sourceTree = "<group>";
		};
		F5000001000000000000001 = {
			isa = PBXGroup;
			children = (
				63D8F4952EE47C9A007F49BD /* Sources */,
				5CC000010000000000000003 /* Bundled scc */,
				A20000010000000000000014 /* ThreadingMobile */,
				A20000010000000000000015 /* AppIcon.icon */,
				B70000010000000000000001 /* Fonts */,
				F5000001000000000000020 /* Products */,
				25B0E33ED576F9158763F7B2 /* Frameworks */,
				B1792448FB880E01F5D9086C /* Tests */,
				B2000001000000000000000F /* Mobile Tests */,
				D2E00001000000000000000E /* Notification E2E Tests */,
				C0D100010000000000000003 /* ThreadingUITests */,
				DEBA3EC0E0E1A6C00C62BAE7 /* Extension Helper */,
				7A0000010000000000000041 /* Wasm Runner */,
			);
			sourceTree = "<group>";
		};
		F5000001000000000000020 /* Products */ = {
			isa = PBXGroup;
			children = (
				F2000001000000000000038 /* Threading.app */,
				A20000010000000000000002 /* ThreadingMobile.app */,
				72E4FC8EDC79F143EA49545C /* ThreadingTests.xctest */,
				D2E000010000000000000002 /* ThreadingNotificationE2ETests.xctest */,
				B20000010000000000000005 /* ThreadingMobileTests.xctest */,
				C0D100010000000000000002 /* ThreadingUITests.xctest */,
				3F3EFEC8D4B4F821C9695ABA /* ThreadingExtensionHelper */,
				A6563DF6216A83E7016B0C5B /* ThreadingExtensionHelperNetwork */,
				661FF20242AD94BEA7B16F91 /* ThreadingExtensionHelper */,
				161EB5CC2018AEE0E4E9F95F /* ThreadingExtensionHelperNetwork */,
				C20CE9CA503B8DC639CAB992 /* ThreadingExtensionHelper */,
				543E83291094AE2E9DCA09FB /* ThreadingExtensionHelperNetwork */,
				7A0000010000000000000014 /* ThreadingWasmExtensionRunner */,
			);
			name = Products;
			sourceTree = "<group>";
		};
		D2E00001000000000000000E /* Notification E2E Tests */ = {
			isa = PBXGroup;
			children = (
				D2E000010000000000000003 /* NotificationDeliveryE2ETests.swift */,
			);
			name = "Notification E2E Tests";
			path = Tests/ThreadingNotificationE2ETests;
			sourceTree = "<group>";
		};
		B2000001000000000000000F /* Mobile Tests */ = {
			isa = PBXGroup;
			children = (
				B20000010000000000000004 /* NotificationDeepLinkTests.swift */,
				A61200010000000000000002 /* RemoteConversationStoreTests.swift */,
				A61100010000000000000002 /* RemoteUsageDashboardTests.swift */,
				A61300010000000000000002 /* SessionDashboardTests.swift */,
				A61400010000000000000002 /* MobileCollaborationPresentationTests.swift */,
				A61500010000000000000002 /* MobileSessionChromeTests.swift */,
				A61600010000000000000002 /* MobileThemeChromeTests.swift */,
				A61700010000000000000002 /* RemoteConnectionFailureTests.swift */,
				A61800010000000000000002 /* MobileConnectionDiagnosticsTests.swift */,
				A62000010000000000000002 /* TerminalKeyboardDismissalTests.swift */,
				A62100010000000000000002 /* MobileWorkingOrbTests.swift */,
				A62200010000000000000002 /* MobileSessionNavigationTransitionTests.swift */,
				A62300010000000000000002 /* MobileAgentIdentityTests.swift */,
				A61900010000000000000002 /* RemoteTerminalScrollTests.swift */,
			);
			name = "Mobile Tests";
			path = Tests/ThreadingMobileTests;
			sourceTree = "<group>";
		};
/* End PBXGroup section */

/* Begin PBXNativeTarget section */
		7A0000010000000000000051 /* ThreadingWasmExtensionRunner */ = {
			isa = PBXNativeTarget;
			buildConfigurationList = 7A0000010000000000000083 /* Build configuration list for PBXNativeTarget "ThreadingWasmExtensionRunner" */;
			buildPhases = (
				7A0000010000000000000032 /* Sources */,
				7A0000010000000000000031 /* Frameworks */,
			);
			buildRules = (
			);
			dependencies = (
			);
			name = ThreadingWasmExtensionRunner;
			packageProductDependencies = (
				7A0000010000000000000091 /* ThreadingWasmRuntime */,
			);
			productName = ThreadingWasmExtensionRunner;
			productReference = 7A0000010000000000000014 /* ThreadingWasmExtensionRunner */;
			productType = "com.apple.product-type.tool";
		};
		1459DEBF5B7709D7DCD407A2 /* ThreadingExtensionHelperNetwork */ = {
			isa = PBXNativeTarget;
			buildConfigurationList = 513BC3CC78594F6C9DFC61E0 /* Build configuration list for PBXNativeTarget "ThreadingExtensionHelperNetwork" */;
			buildPhases = (
				CFDC27CF41471FFEBB7A7C93 /* Sources */,
			);
			buildRules = (
			);
			dependencies = (
			);
			name = ThreadingExtensionHelperNetwork;
			productName = ThreadingExtensionHelperNetwork;
			productReference = 543E83291094AE2E9DCA09FB /* ThreadingExtensionHelperNetwork */;
			productType = "com.apple.product-type.tool";
		};
		20A00C033DC1347FA758CD10 /* ThreadingTests */ = {
			isa = PBXNativeTarget;
			buildConfigurationList = 61DA317B0D969A1DC194B4C8 /* Build configuration list for PBXNativeTarget "ThreadingTests" */;
			buildPhases = (
				2B94BD9027B7FD53BB982AFA /* Sources */,
				56FF87A7554976846335914F /* Frameworks */,
				C995024E6F941ADF45C13130 /* Resources */,
			);
			buildRules = (
			);
			dependencies = (
				44883DEA7DCAA5EAADC3CD6A /* PBXTargetDependency */,
			);
			fileSystemSynchronizedGroups = (
				B1792448FB880E01F5D9086C /* Tests */,
			);
			name = ThreadingTests;
			packageProductDependencies = (
				F4000001000000000000007 /* ThreadingExtensionKit */,
			);
			productName = ThreadingTests;
			productReference = 72E4FC8EDC79F143EA49545C /* ThreadingTests.xctest */;
			productType = "com.apple.product-type.bundle.unit-test";
		};
		D2E000010000000000000001 /* ThreadingNotificationE2ETests */ = {
			isa = PBXNativeTarget;
			buildConfigurationList = D2E00001000000000000000B /* Build configuration list for PBXNativeTarget "ThreadingNotificationE2ETests" */;
			buildPhases = (
				D2E000010000000000000004 /* Sources */,
				D2E000010000000000000005 /* Frameworks */,
				D2E000010000000000000006 /* Resources */,
			);
			buildRules = (
			);
			dependencies = (
				D2E000010000000000000008 /* PBXTargetDependency */,
			);
			name = ThreadingNotificationE2ETests;
			packageProductDependencies = (
			);
			productName = ThreadingNotificationE2ETests;
			productReference = D2E000010000000000000002 /* ThreadingNotificationE2ETests.xctest */;
			productType = "com.apple.product-type.bundle.unit-test";
		};
		DB14898531F8EFBEA7892331 /* ThreadingExtensionHelper */ = {
			isa = PBXNativeTarget;
			buildConfigurationList = 091BD013A1E26748129E077F /* Build configuration list for PBXNativeTarget "ThreadingExtensionHelper" */;
			buildPhases = (
				0EEAE3A785B7D334D6F7DBB7 /* Sources */,
			);
			buildRules = (
			);
			dependencies = (
			);
			name = ThreadingExtensionHelper;
			productName = ThreadingExtensionHelper;
			productReference = C20CE9CA503B8DC639CAB992 /* ThreadingExtensionHelper */;
			productType = "com.apple.product-type.tool";
		};
		F6000001000000000000001 /* Threading */ = {
			isa = PBXNativeTarget;
			buildConfigurationList = F7000001000000000000003 /* Build configuration list for PBXNativeTarget "Threading" */;
			buildPhases = (
				C0D3A1100000000000000001 /* Enforce Repository Boundaries */,
				F6000001000000000000002 /* Sources */,
				F3000001000000000000001 /* Frameworks */,
				F6000001000000000000003 /* Resources */,
				E77200010000000000000001 /* Embed Legal Notices */,
				E77100010000000000000001 /* Embed Extension SDK */,
				877EDD4F2A5B003140CB8A81 /* Embed Extension Helpers */,
				E77300010000000000000001 /* Embed UI Scenario Helper */,
			);
			buildRules = (
			);
			dependencies = (
				A2F10D84B314A37BF2F55C73 /* PBXTargetDependency */,
				0B537AA731F40F54768A22BD /* PBXTargetDependency */,
				7A0000010000000000000022 /* PBXTargetDependency */,
			);
			fileSystemSynchronizedGroups = (
				63D8F4952EE47C9A007F49BD /* Sources */,
			);
			name = Threading;
			packageProductDependencies = (
				F4000001000000000000001 /* SwiftTerm */,
				F4000001000000000000003 /* ThinkingOrbs */,
				F4000001000000000000005 /* LabelMorph */,
				F4000001000000000000011 /* BorderBeamKit */,
				F4000001000000000000007 /* ThreadingExtensionKit */,
				F4000001000000000000009 /* ThreadingRemoteKit */,
				D0A100010000000000000003 /* ThreadingDomain */,
				D3EE00010000000000000004 /* ThreadingPeerTransport */,
				D1FF00010000000000000001 /* NativeDiffCore */,
				D1FF00010000000000000002 /* NativeDiffAppKit */,
				5AAA00010000000000000001 /* Sparkle */,
			);
			productName = Threading;
			productReference = F2000001000000000000038 /* Threading.app */;
			productType = "com.apple.product-type.application";
		};
		A20000010000000000000001 /* ThreadingMobile */ = {
			isa = PBXNativeTarget;
			buildConfigurationList = A20000010000000000000006 /* Build configuration list for PBXNativeTarget "ThreadingMobile" */;
			buildPhases = (
				A20000010000000000000005 /* Sources */,
				A20000010000000000000003 /* Frameworks */,
				A20000010000000000000004 /* Resources */,
				E77200010000000000000002 /* Embed Legal Notices */,
			);
			buildRules = (
			);
			dependencies = (
			);
			fileSystemSynchronizedGroups = (
				A20000010000000000000014 /* ThreadingMobile */,
			);
			name = ThreadingMobile;
			packageProductDependencies = (
				A20000010000000000000010 /* SwiftTerm */,
				A20000010000000000000011 /* ThreadingRemoteKit */,
				D3EE00010000000000000005 /* ThreadingPeerTransport */,
				F4000001000000000000007 /* ThreadingExtensionKit */,
				F4000001000000000000003 /* ThinkingOrbs */,
				D1FF00010000000000000003 /* NativeDiffCore */,
				D1FF00010000000000000004 /* NativeDiffUIKit */,
			);
			productName = ThreadingMobile;
			productReference = A20000010000000000000002 /* ThreadingMobile.app */;
			productType = "com.apple.product-type.application";
		};
		B2000001000000000000000B /* ThreadingMobileTests */ = {
			isa = PBXNativeTarget;
			buildConfigurationList = B2000001000000000000000E /* Build configuration list for PBXNativeTarget "ThreadingMobileTests" */;
			buildPhases = (
				B20000010000000000000009 /* Sources */,
				B20000010000000000000007 /* Frameworks */,
				B20000010000000000000008 /* Resources */,
			);
			buildRules = (
			);
			dependencies = (
				B2000001000000000000000A /* PBXTargetDependency */,
			);
			name = ThreadingMobileTests;
			packageProductDependencies = (
				A20000010000000000000011 /* ThreadingRemoteKit */,
				F4000001000000000000007 /* ThreadingExtensionKit */,
			);
			productName = ThreadingMobileTests;
			productReference = B20000010000000000000005 /* ThreadingMobileTests.xctest */;
			productType = "com.apple.product-type.bundle.unit-test";
		};
		C0D100010000000000000001 /* ThreadingUITests */ = {
			isa = PBXNativeTarget;
			buildConfigurationList = C0D10001000000000000000B /* Build configuration list for PBXNativeTarget "ThreadingUITests" */;
			buildPhases = (
				C0D100010000000000000006 /* Sources */,
				C0D100010000000000000004 /* Frameworks */,
				C0D100010000000000000005 /* Resources */,
			);
			buildRules = (
			);
			dependencies = (
				C0D100010000000000000008 /* PBXTargetDependency */,
			);
			fileSystemSynchronizedGroups = (
				C0D100010000000000000003 /* ThreadingUITests */,
			);
			name = ThreadingUITests;
			packageProductDependencies = (
			);
			productName = ThreadingUITests;
			productReference = C0D100010000000000000002 /* ThreadingUITests.xctest */;
			productType = "com.apple.product-type.bundle.ui-testing";
		};
/* End PBXNativeTarget section */

/* Begin PBXProject section */
		F8000001000000000000001 /* Project object */ = {
			isa = PBXProject;
			attributes = {
				BuildIndependentTargetsInParallel = 1;
				LastSwiftUpdateCheck = 1500;
				LastUpgradeCheck = 2610;
				TargetAttributes = {
					A20000010000000000000001 = {
						CreatedOnToolsVersion = 26.0;
					};
					B2000001000000000000000B = {
						CreatedOnToolsVersion = 26.0;
						TestTargetID = A20000010000000000000001;
					};
					C0D100010000000000000001 = {
						CreatedOnToolsVersion = 26.0;
						TestTargetID = F6000001000000000000001;
					};
					D2E000010000000000000001 = {
						CreatedOnToolsVersion = 26.0;
					};
					F6000001000000000000001 = {
						CreatedOnToolsVersion = 15.0;
						SystemCapabilities = {
							com.apple.SignInWithApple = {
								enabled = 1;
							};
						};
					};
				};
			};
			buildConfigurationList = F7000001000000000000001 /* Build configuration list for PBXProject "Threading" */;
			compatibilityVersion = "Xcode 14.0";
			developmentRegion = en;
			hasScannedForEncodings = 0;
			knownRegions = (
				en,
				sv,
				Base,
			);
			mainGroup = F5000001000000000000001;
			packageReferences = (
				F4000001000000000000002 /* XCLocalSwiftPackageReference "SwiftTerm" */,
				F4000001000000000000004 /* XCLocalSwiftPackageReference "ThinkingOrbs" */,
				F4000001000000000000006 /* XCLocalSwiftPackageReference "LabelMorph" */,
				F4000001000000000000012 /* XCLocalSwiftPackageReference "BorderBeamKit" */,
				F4000001000000000000008 /* XCLocalSwiftPackageReference "ThreadingExtensionKit" */,
				F4000001000000000000010 /* XCLocalSwiftPackageReference "ThreadingRemoteKit" */,
				D0A100010000000000000002 /* XCLocalSwiftPackageReference "ThreadingDomain" */,
				D3EE00010000000000000003 /* XCLocalSwiftPackageReference "ThreadingPeerTransport" */,
				D1FF00010000000000000020 /* XCRemoteSwiftPackageReference "NativeDiffKit" */,
				5AAA00010000000000000020 /* XCRemoteSwiftPackageReference "Sparkle" */,
				7A0000010000000000000090 /* XCLocalSwiftPackageReference "ThreadingWasmRuntime" */,
			);
			productRefGroup = F5000001000000000000020 /* Products */;
			projectDirPath = "";
			projectRoot = "";
				targets = (
					F6000001000000000000001 /* Threading */,
					A20000010000000000000001 /* ThreadingMobile */,
					B2000001000000000000000B /* ThreadingMobileTests */,
					20A00C033DC1347FA758CD10 /* ThreadingTests */,
					D2E000010000000000000001 /* ThreadingNotificationE2ETests */,
					C0D100010000000000000001 /* ThreadingUITests */,
				DB14898531F8EFBEA7892331 /* ThreadingExtensionHelper */,
				1459DEBF5B7709D7DCD407A2 /* ThreadingExtensionHelperNetwork */,
				7A0000010000000000000051 /* ThreadingWasmExtensionRunner */,
			);
		};
/* End PBXProject section */

/* Begin PBXResourcesBuildPhase section */
		C995024E6F941ADF45C13130 /* Resources */ = {
			isa = PBXResourcesBuildPhase;
			buildActionMask = 2147483647;
			files = (
			);
			runOnlyForDeploymentPostprocessing = 0;
		};
		D2E000010000000000000006 /* Resources */ = {
			isa = PBXResourcesBuildPhase;
			buildActionMask = 2147483647;
			files = (
			);
			runOnlyForDeploymentPostprocessing = 0;
		};
		F6000001000000000000003 /* Resources */ = {
			isa = PBXResourcesBuildPhase;
			buildActionMask = 2147483647;
			files = (
			);
			runOnlyForDeploymentPostprocessing = 0;
		};
		A20000010000000000000004 /* Resources */ = {
			isa = PBXResourcesBuildPhase;
			buildActionMask = 2147483647;
			files = (
				A20000010000000000000016 /* AppIcon.icon in Resources */,
				B70000010000000000000002 /* Fonts in Resources */,
			);
			runOnlyForDeploymentPostprocessing = 0;
		};
		B20000010000000000000008 /* Resources */ = {
			isa = PBXResourcesBuildPhase;
			buildActionMask = 2147483647;
			files = (
			);
			runOnlyForDeploymentPostprocessing = 0;
		};
		C0D100010000000000000005 /* Resources */ = {
			isa = PBXResourcesBuildPhase;
			buildActionMask = 2147483647;
			files = (
			);
			runOnlyForDeploymentPostprocessing = 0;
		};
/* End PBXResourcesBuildPhase section */

/* Begin PBXShellScriptBuildPhase section */
		E77300010000000000000001 /* Embed UI Scenario Helper */ = {
			isa = PBXShellScriptBuildPhase;
			alwaysOutOfDate = 1;
			buildActionMask = 2147483647;
			files = (
			);
			inputFileListPaths = (
			);
			inputPaths = (
				"$(SRCROOT)/scripts/embed_ui_scenario_helper.sh",
			);
			name = "Embed UI Scenario Helper";
			outputFileListPaths = (
			);
			outputPaths = (
			);
			runOnlyForDeploymentPostprocessing = 0;
			shellPath = /bin/bash;
			shellScript = "\"${SRCROOT}/scripts/embed_ui_scenario_helper.sh\"";
		};
		E77200010000000000000001 /* Embed Legal Notices */ = {
			isa = PBXShellScriptBuildPhase;
			alwaysOutOfDate = 1;
			buildActionMask = 2147483647;
			files = (
			);
			inputFileListPaths = (
				"$(SRCROOT)/scripts/legal-notices-macos-inputs.xcfilelist",
			);
			inputPaths = (
			);
			name = "Embed Legal Notices";
			outputFileListPaths = (
				"$(SRCROOT)/scripts/legal-notices-macos-outputs.xcfilelist",
			);
			outputPaths = (
			);
			runOnlyForDeploymentPostprocessing = 0;
			shellPath = /bin/bash;
			shellScript = "\"${SRCROOT}/scripts/embed_legal_notices.sh\"";
		};
		E77200010000000000000002 /* Embed Legal Notices */ = {
			isa = PBXShellScriptBuildPhase;
			alwaysOutOfDate = 1;
			buildActionMask = 2147483647;
			files = (
			);
			inputFileListPaths = (
				"$(SRCROOT)/scripts/legal-notices-ios-inputs.xcfilelist",
			);
			inputPaths = (
			);
			name = "Embed Legal Notices";
			outputFileListPaths = (
				"$(SRCROOT)/scripts/legal-notices-ios-outputs.xcfilelist",
			);
			outputPaths = (
			);
			runOnlyForDeploymentPostprocessing = 0;
			shellPath = /bin/bash;
			shellScript = "\"${SRCROOT}/scripts/embed_legal_notices.sh\"";
		};
		E77100010000000000000001 /* Embed Extension SDK */ = {
			isa = PBXShellScriptBuildPhase;
			alwaysOutOfDate = 1;
			buildActionMask = 2147483647;
			files = (
			);
			inputFileListPaths = (
			);
			inputPaths = (
				"$(SRCROOT)/Packages/ThreadingExtensionKit",
				"$(SRCROOT)/Tests/Fixtures/Extensions/registration.wasm",
				"$(SRCROOT)/scripts/embed_extension_sdk.sh",
			);
			name = "Embed Extension SDK";
			outputFileListPaths = (
			);
			outputPaths = (
				"$(TARGET_BUILD_DIR)/$(UNLOCALIZED_RESOURCES_FOLDER_PATH)/ExtensionSDK/ThreadingExtensionKit/SDK_VERSION",
				"$(TARGET_BUILD_DIR)/$(UNLOCALIZED_RESOURCES_FOLDER_PATH)/FirstPartyExtensions/codes.threading.storm.threadingextension/threading-extension.json",
			);
			runOnlyForDeploymentPostprocessing = 0;
			shellPath = /bin/bash;
			shellScript = "\"${SRCROOT}/scripts/embed_extension_sdk.sh\"";
		};
		C0D3A1100000000000000001 /* Enforce Repository Boundaries */ = {
			isa = PBXShellScriptBuildPhase;
			alwaysOutOfDate = 1;
			buildActionMask = 2147483647;
			files = (
			);
			inputFileListPaths = (
			);
			inputPaths = (
				"$(SRCROOT)/Sources",
				"$(SRCROOT)/scripts/config/theme-boundary.json",
				"$(SRCROOT)/scripts/check_theme_boundaries.sh",
				"$(SRCROOT)/scripts/check_architecture_boundaries.sh",
				"$(SRCROOT)/scripts/check_logging_boundaries.py",
				"$(SRCROOT)/scripts/theme_boundary_lint.swift",
				"$(SRCROOT)/docs/THEME_BOUNDARY.md",
				"$(SRCROOT)/AGENTS.md",
				"$(SRCROOT)/CLAUDE.md",
			);
			name = "Enforce Repository Boundaries";
			outputFileListPaths = (
			);
			outputPaths = (
				"$(DERIVED_FILE_DIR)/theme-boundary-lint",
			);
			runOnlyForDeploymentPostprocessing = 0;
			shellPath = /bin/bash;
			shellScript = "# set -e is load-bearing: without it only the LAST command's exit status gates the\n# build, and a theme or localization failure earlier in this phase is printed and then\n# swallowed  found August 2026 when peer findings sailed through an ordinary build.\nset -euo pipefail\n\"${SRCROOT}/scripts/check_theme_boundaries.sh\"\nif [[ -z \"${THREADING_MOBILE_ICON_OUTPUT_DIR:-}\" ]]; then\n  \"${SRCROOT}/scripts/check_architecture_boundaries.sh\"\nfi\n";
		};
/* End PBXShellScriptBuildPhase section */

/* Begin PBXSourcesBuildPhase section */
		7A0000010000000000000032 /* Sources */ = {
			isa = PBXSourcesBuildPhase;
			buildActionMask = 2147483647;
			files = (
				7A0000010000000000000001 /* main.swift in Sources */,
			);
			runOnlyForDeploymentPostprocessing = 0;
		};
		0EEAE3A785B7D334D6F7DBB7 /* Sources */ = {
			isa = PBXSourcesBuildPhase;
			buildActionMask = 2147483647;
			files = (
				A39A300DF9F7CA8D21A7B7C3 /* main.swift in Sources */,
				6746DE83B248339F7A44A795 /* ExtensionRunnerRequest.swift in Sources */,
			);
			runOnlyForDeploymentPostprocessing = 0;
		};
		2B94BD9027B7FD53BB982AFA /* Sources */ = {
			isa = PBXSourcesBuildPhase;
			buildActionMask = 2147483647;
			files = (
			);
			runOnlyForDeploymentPostprocessing = 0;
		};
		D2E000010000000000000004 /* Sources */ = {
			isa = PBXSourcesBuildPhase;
			buildActionMask = 2147483647;
			files = (
				D2E00001000000000000000D /* NotificationDeliveryE2ETests.swift in Sources */,
			);
			runOnlyForDeploymentPostprocessing = 0;
		};
		CFDC27CF41471FFEBB7A7C93 /* Sources */ = {
			isa = PBXSourcesBuildPhase;
			buildActionMask = 2147483647;
			files = (
				09EEC39439CEDA7EAFBC697C /* main.swift in Sources */,
				A09CD2FDD17E4E72005ECE03 /* ExtensionRunnerRequest.swift in Sources */,
			);
			runOnlyForDeploymentPostprocessing = 0;
		};
		F6000001000000000000002 /* Sources */ = {
			isa = PBXSourcesBuildPhase;
			buildActionMask = 2147483647;
			files = (
				953EC13AE9B26A038EF6BA1C /* ExtensionRunnerRequest.swift in Sources */,
			);
			runOnlyForDeploymentPostprocessing = 0;
		};
		A20000010000000000000005 /* Sources */ = {
			isa = PBXSourcesBuildPhase;
			buildActionMask = 2147483647;
			files = (
			);
			runOnlyForDeploymentPostprocessing = 0;
		};
		B20000010000000000000009 /* Sources */ = {
			isa = PBXSourcesBuildPhase;
			buildActionMask = 2147483647;
			files = (
				B20000010000000000000001 /* NotificationDeepLinkTests.swift in Sources */,
				A61200010000000000000001 /* RemoteConversationStoreTests.swift in Sources */,
				A61100010000000000000001 /* RemoteUsageDashboardTests.swift in Sources */,
				A61300010000000000000001 /* SessionDashboardTests.swift in Sources */,
				A61400010000000000000001 /* MobileCollaborationPresentationTests.swift in Sources */,
				A61500010000000000000001 /* MobileSessionChromeTests.swift in Sources */,
				A61600010000000000000001 /* MobileThemeChromeTests.swift in Sources */,
				A61700010000000000000001 /* RemoteConnectionFailureTests.swift in Sources */,
				A61800010000000000000001 /* MobileConnectionDiagnosticsTests.swift in Sources */,
				A62000010000000000000001 /* TerminalKeyboardDismissalTests.swift in Sources */,
				A62100010000000000000001 /* MobileWorkingOrbTests.swift in Sources */,
				A62200010000000000000001 /* MobileSessionNavigationTransitionTests.swift in Sources */,
				A62300010000000000000001 /* MobileAgentIdentityTests.swift in Sources */,
				A61900010000000000000001 /* RemoteTerminalScrollTests.swift in Sources */,
			);
			runOnlyForDeploymentPostprocessing = 0;
		};
		C0D100010000000000000006 /* Sources */ = {
			isa = PBXSourcesBuildPhase;
			buildActionMask = 2147483647;
			files = (
			);
			runOnlyForDeploymentPostprocessing = 0;
		};
/* End PBXSourcesBuildPhase section */

/* Begin PBXTargetDependency section */
		7A0000010000000000000022 /* PBXTargetDependency */ = {
			isa = PBXTargetDependency;
			name = ThreadingWasmExtensionRunner;
			target = 7A0000010000000000000051 /* ThreadingWasmExtensionRunner */;
			targetProxy = 7A0000010000000000000021 /* PBXContainerItemProxy */;
		};
		0B537AA731F40F54768A22BD /* PBXTargetDependency */ = {
			isa = PBXTargetDependency;
			name = ThreadingExtensionHelperNetwork;
			target = 1459DEBF5B7709D7DCD407A2 /* ThreadingExtensionHelperNetwork */;
			targetProxy = 04945DA7B3517A8184BC0A01 /* PBXContainerItemProxy */;
		};
		44883DEA7DCAA5EAADC3CD6A /* PBXTargetDependency */ = {
			isa = PBXTargetDependency;
			name = Threading;
			target = F6000001000000000000001 /* Threading */;
			targetProxy = 95814D89024CC2AED2A443AC /* PBXContainerItemProxy */;
		};
		D2E000010000000000000008 /* PBXTargetDependency */ = {
			isa = PBXTargetDependency;
			name = Threading;
			target = F6000001000000000000001 /* Threading */;
			targetProxy = D2E000010000000000000007 /* PBXContainerItemProxy */;
		};
		B2000001000000000000000A /* PBXTargetDependency */ = {
			isa = PBXTargetDependency;
			name = ThreadingMobile;
			target = A20000010000000000000001 /* ThreadingMobile */;
			targetProxy = B20000010000000000000006 /* PBXContainerItemProxy */;
		};
		C0D100010000000000000008 /* PBXTargetDependency */ = {
			isa = PBXTargetDependency;
			name = Threading;
			target = F6000001000000000000001 /* Threading */;
			targetProxy = C0D100010000000000000007 /* PBXContainerItemProxy */;
		};
		A2F10D84B314A37BF2F55C73 /* PBXTargetDependency */ = {
			isa = PBXTargetDependency;
			name = ThreadingExtensionHelper;
			target = DB14898531F8EFBEA7892331 /* ThreadingExtensionHelper */;
			targetProxy = 28376D7AA2BB73D3CD291113 /* PBXContainerItemProxy */;
		};
/* End PBXTargetDependency section */

/* Begin XCBuildConfiguration section */
		7A0000010000000000000081 /* Debug */ = {
			isa = XCBuildConfiguration;
			buildSettings = {
				CODE_SIGN_ENTITLEMENTS = Targets/WasmRunner/threading-wasm-extension-runner.entitlements;
				CODE_SIGN_INJECT_BASE_ENTITLEMENTS = NO;
				CODE_SIGN_STYLE = Automatic;
				ENABLE_HARDENED_RUNTIME = YES;
				LD_RUNPATH_SEARCH_PATHS = (
					"$(inherited)",
					"@executable_path/../Frameworks",
				);
				MACOSX_DEPLOYMENT_TARGET = 13.0;
				OTHER_LDFLAGS = (
					"-sectcreate",
					__TEXT,
					__info_plist,
					"$(SRCROOT)/Targets/WasmRunner/Info.plist",
				);
				PRODUCT_BUNDLE_IDENTIFIER = codes.threading.wasm-extension-runner;
				PRODUCT_NAME = "threading-wasm-extension-runner";
				SDKROOT = macosx;
				SKIP_INSTALL = YES;
				SWIFT_VERSION = 5.0;
			};
			name = Debug;
		};
		7A0000010000000000000082 /* Release */ = {
			isa = XCBuildConfiguration;
			buildSettings = {
				CODE_SIGN_ENTITLEMENTS = Targets/WasmRunner/threading-wasm-extension-runner.entitlements;
				CODE_SIGN_INJECT_BASE_ENTITLEMENTS = NO;
				CODE_SIGN_STYLE = Automatic;
				ENABLE_HARDENED_RUNTIME = YES;
				LD_RUNPATH_SEARCH_PATHS = (
					"$(inherited)",
					"@executable_path/../Frameworks",
				);
				MACOSX_DEPLOYMENT_TARGET = 13.0;
				OTHER_LDFLAGS = (
					"-sectcreate",
					__TEXT,
					__info_plist,
					"$(SRCROOT)/Targets/WasmRunner/Info.plist",
				);
				PRODUCT_BUNDLE_IDENTIFIER = codes.threading.wasm-extension-runner;
				PRODUCT_NAME = "threading-wasm-extension-runner";
				SDKROOT = macosx;
				SKIP_INSTALL = YES;
				SWIFT_VERSION = 5.0;
			};
			name = Release;
		};
		0F5B132AD8A070E729F93431 /* Release */ = {
			isa = XCBuildConfiguration;
			buildSettings = {
				CODE_SIGN_ENTITLEMENTS = "Targets/ExtensionHelper/threading-extension-helper-network.entitlements";
				CODE_SIGN_STYLE = Automatic;
				ENABLE_HARDENED_RUNTIME = YES;
				MACOSX_DEPLOYMENT_TARGET = 13.0;
				OTHER_LDFLAGS = (
					"-sectcreate",
					__TEXT,
					__info_plist,
					"$(SRCROOT)/Targets/ExtensionHelper/Info-network.plist",
				);
				PRODUCT_BUNDLE_IDENTIFIER = "codes.threading.extension-helper-network";
				PRODUCT_NAME = "threading-extension-helper-network";
				SDKROOT = macosx;
				SKIP_INSTALL = YES;
				SWIFT_VERSION = 5.0;
			};
			name = Release;
		};
		39E37C55A3E2219555956D29 /* Debug */ = {
			isa = XCBuildConfiguration;
			buildSettings = {
				CODE_SIGN_ENTITLEMENTS = "Targets/ExtensionHelper/threading-extension-helper.entitlements";
				CODE_SIGN_STYLE = Automatic;
				ENABLE_HARDENED_RUNTIME = YES;
				MACOSX_DEPLOYMENT_TARGET = 13.0;
				OTHER_LDFLAGS = (
					"-sectcreate",
					__TEXT,
					__info_plist,
					"$(SRCROOT)/Targets/ExtensionHelper/Info.plist",
				);
				PRODUCT_BUNDLE_IDENTIFIER = "codes.threading.extension-helper";
				PRODUCT_NAME = "threading-extension-helper";
				SDKROOT = macosx;
				SKIP_INSTALL = YES;
				SWIFT_VERSION = 5.0;
			};
			name = Debug;
		};
		3DB3C9B15199B2029009DFDF /* Release */ = {
			isa = XCBuildConfiguration;
			buildSettings = {
				CODE_SIGN_ENTITLEMENTS = "Targets/ExtensionHelper/threading-extension-helper.entitlements";
				CODE_SIGN_STYLE = Automatic;
				ENABLE_HARDENED_RUNTIME = YES;
				MACOSX_DEPLOYMENT_TARGET = 13.0;
				OTHER_LDFLAGS = (
					"-sectcreate",
					__TEXT,
					__info_plist,
					"$(SRCROOT)/Targets/ExtensionHelper/Info.plist",
				);
				PRODUCT_BUNDLE_IDENTIFIER = "codes.threading.extension-helper";
				PRODUCT_NAME = "threading-extension-helper";
				SDKROOT = macosx;
				SKIP_INSTALL = YES;
				SWIFT_VERSION = 5.0;
			};
			name = Release;
		};
		42E68C88D65AA8EAE7E7206F /* Release */ = {
			isa = XCBuildConfiguration;
			buildSettings = {
				CODE_SIGN_ENTITLEMENTS = "Targets/ExtensionHelper/threading-extension-helper-network.entitlements";
				CODE_SIGN_INJECT_BASE_ENTITLEMENTS = NO;
				CODE_SIGN_STYLE = Automatic;
				ENABLE_HARDENED_RUNTIME = YES;
				MACOSX_DEPLOYMENT_TARGET = 13.0;
				OTHER_LDFLAGS = (
					"-sectcreate",
					__TEXT,
					__info_plist,
					"$(SRCROOT)/Targets/ExtensionHelper/Info-network.plist",
				);
				PRODUCT_BUNDLE_IDENTIFIER = "codes.threading.extension-helper-network";
				PRODUCT_NAME = "threading-extension-helper-network";
				SDKROOT = macosx;
				SKIP_INSTALL = YES;
				SWIFT_VERSION = 5.0;
			};
			name = Release;
		};
		4D581B8242E06AB691820CF1 /* Debug */ = {
			isa = XCBuildConfiguration;
			buildSettings = {
				CODE_SIGN_ENTITLEMENTS = "Targets/ExtensionHelper/threading-extension-helper-network.entitlements";
				CODE_SIGN_INJECT_BASE_ENTITLEMENTS = NO;
				CODE_SIGN_STYLE = Automatic;
				ENABLE_HARDENED_RUNTIME = YES;
				MACOSX_DEPLOYMENT_TARGET = 13.0;
				OTHER_LDFLAGS = (
					"-sectcreate",
					__TEXT,
					__info_plist,
					"$(SRCROOT)/Targets/ExtensionHelper/Info-network.plist",
				);
				PRODUCT_BUNDLE_IDENTIFIER = "codes.threading.extension-helper-network";
				PRODUCT_NAME = "threading-extension-helper-network";
				SDKROOT = macosx;
				SKIP_INSTALL = YES;
				SWIFT_VERSION = 5.0;
			};
			name = Debug;
		};
		749F6BEEACCEE7D0BB1D2F91 /* Release */ = {
			isa = XCBuildConfiguration;
			buildSettings = {
				BUNDLE_LOADER = "$(TEST_HOST)";
				CODE_SIGN_STYLE = Automatic;
				GENERATE_INFOPLIST_FILE = YES;
				LD_RUNPATH_SEARCH_PATHS = (
					"$(inherited)",
					"@executable_path/../Frameworks",
					"@loader_path/../Frameworks",
				);
				MACOSX_DEPLOYMENT_TARGET = 13.0;
				PRODUCT_BUNDLE_IDENTIFIER = codes.threading.tests;
				PRODUCT_NAME = "$(TARGET_NAME)";
				SDKROOT = macosx;
				SWIFT_EMIT_LOC_STRINGS = NO;
				SWIFT_STRICT_CONCURRENCY = complete;
				SWIFT_VERSION = 5.0;
				TEST_HOST = "$(BUILT_PRODUCTS_DIR)/Threading.app/Contents/MacOS/Threading";
			};
			name = Release;
		};
		7A66E846FFEEFD7F918F9A8D /* Debug */ = {
			isa = XCBuildConfiguration;
			buildSettings = {
				CODE_SIGN_ENTITLEMENTS = "Targets/ExtensionHelper/threading-extension-helper-network.entitlements";
				CODE_SIGN_STYLE = Automatic;
				ENABLE_HARDENED_RUNTIME = YES;
				MACOSX_DEPLOYMENT_TARGET = 13.0;
				OTHER_LDFLAGS = (
					"-sectcreate",
					__TEXT,
					__info_plist,
					"$(SRCROOT)/Targets/ExtensionHelper/Info-network.plist",
				);
				PRODUCT_BUNDLE_IDENTIFIER = "codes.threading.extension-helper-network";
				PRODUCT_NAME = "threading-extension-helper-network";
				SDKROOT = macosx;
				SKIP_INSTALL = YES;
				SWIFT_VERSION = 5.0;
			};
			name = Debug;
		};
		C663059E0D7D5F7C061F7848 /* Debug */ = {
			isa = XCBuildConfiguration;
			buildSettings = {
				BUNDLE_LOADER = "$(TEST_HOST)";
				CODE_SIGN_STYLE = Automatic;
				GENERATE_INFOPLIST_FILE = YES;
				LD_RUNPATH_SEARCH_PATHS = (
					"$(inherited)",
					"@executable_path/../Frameworks",
					"@loader_path/../Frameworks",
				);
				MACOSX_DEPLOYMENT_TARGET = 13.0;
				PRODUCT_BUNDLE_IDENTIFIER = codes.threading.tests;
				PRODUCT_NAME = "$(TARGET_NAME)";
				SDKROOT = macosx;
				SWIFT_EMIT_LOC_STRINGS = NO;
				SWIFT_STRICT_CONCURRENCY = complete;
				SWIFT_VERSION = 5.0;
				TEST_HOST = "$(BUILT_PRODUCTS_DIR)/Threading.app/Contents/MacOS/Threading";
			};
			name = Debug;
		};
		D2E000010000000000000009 /* Debug */ = {
			isa = XCBuildConfiguration;
			buildSettings = {
				BUNDLE_LOADER = "$(TEST_HOST)";
				CODE_SIGN_STYLE = Automatic;
				GENERATE_INFOPLIST_FILE = YES;
				LD_RUNPATH_SEARCH_PATHS = (
					"$(inherited)",
					"@executable_path/../Frameworks",
					"@loader_path/../Frameworks",
				);
				MACOSX_DEPLOYMENT_TARGET = 13.0;
				PRODUCT_BUNDLE_IDENTIFIER = codes.threading.notification-e2e-tests;
				PRODUCT_NAME = "$(TARGET_NAME)";
				SDKROOT = macosx;
				SWIFT_EMIT_LOC_STRINGS = NO;
				SWIFT_STRICT_CONCURRENCY = complete;
				SWIFT_VERSION = 5.0;
				TEST_HOST = "$(BUILT_PRODUCTS_DIR)/Threading.app/Contents/MacOS/Threading";
			};
			name = Debug;
		};
		D2E00001000000000000000A /* Release */ = {
			isa = XCBuildConfiguration;
			buildSettings = {
				BUNDLE_LOADER = "$(TEST_HOST)";
				CODE_SIGN_STYLE = Automatic;
				GENERATE_INFOPLIST_FILE = YES;
				LD_RUNPATH_SEARCH_PATHS = (
					"$(inherited)",
					"@executable_path/../Frameworks",
					"@loader_path/../Frameworks",
				);
				MACOSX_DEPLOYMENT_TARGET = 13.0;
				PRODUCT_BUNDLE_IDENTIFIER = codes.threading.notification-e2e-tests;
				PRODUCT_NAME = "$(TARGET_NAME)";
				SDKROOT = macosx;
				SWIFT_EMIT_LOC_STRINGS = NO;
				SWIFT_STRICT_CONCURRENCY = complete;
				SWIFT_VERSION = 5.0;
				TEST_HOST = "$(BUILT_PRODUCTS_DIR)/Threading.app/Contents/MacOS/Threading";
			};
			name = Release;
		};
		D3203469E1C36D64E4761E9D /* Debug */ = {
			isa = XCBuildConfiguration;
			buildSettings = {
				CODE_SIGN_ENTITLEMENTS = "Targets/ExtensionHelper/threading-extension-helper.entitlements";
				CODE_SIGN_INJECT_BASE_ENTITLEMENTS = NO;
				CODE_SIGN_STYLE = Automatic;
				ENABLE_HARDENED_RUNTIME = YES;
				MACOSX_DEPLOYMENT_TARGET = 13.0;
				OTHER_LDFLAGS = (
					"-sectcreate",
					__TEXT,
					__info_plist,
					"$(SRCROOT)/Targets/ExtensionHelper/Info.plist",
				);
				PRODUCT_BUNDLE_IDENTIFIER = "codes.threading.extension-helper";
				PRODUCT_NAME = "threading-extension-helper";
				SDKROOT = macosx;
				SKIP_INSTALL = YES;
				SWIFT_VERSION = 5.0;
			};
			name = Debug;
		};
		D7A6EB9391AC48FF393D7B6F /* Release */ = {
			isa = XCBuildConfiguration;
			buildSettings = {
				CODE_SIGN_ENTITLEMENTS = "Targets/ExtensionHelper/threading-extension-helper.entitlements";
				CODE_SIGN_INJECT_BASE_ENTITLEMENTS = NO;
				CODE_SIGN_STYLE = Automatic;
				ENABLE_HARDENED_RUNTIME = YES;
				MACOSX_DEPLOYMENT_TARGET = 13.0;
				OTHER_LDFLAGS = (
					"-sectcreate",
					__TEXT,
					__info_plist,
					"$(SRCROOT)/Targets/ExtensionHelper/Info.plist",
				);
				PRODUCT_BUNDLE_IDENTIFIER = "codes.threading.extension-helper";
				PRODUCT_NAME = "threading-extension-helper";
				SDKROOT = macosx;
				SKIP_INSTALL = YES;
				SWIFT_VERSION = 5.0;
			};
			name = Release;
		};
		F7000001000000000000004 /* Debug */ = {
			isa = XCBuildConfiguration;
			buildSettings = {
				ALWAYS_SEARCH_USER_PATHS = NO;
				ASSETCATALOG_COMPILER_GENERATE_SWIFT_ASSET_SYMBOL_EXTENSIONS = YES;
				CLANG_ANALYZER_NONNULL = YES;
				CLANG_ANALYZER_NUMBER_OBJECT_CONVERSION = YES_AGGRESSIVE;
				CLANG_CXX_LANGUAGE_STANDARD = "gnu++20";
				CLANG_ENABLE_MODULES = YES;
				CLANG_ENABLE_OBJC_ARC = YES;
				CLANG_ENABLE_OBJC_WEAK = YES;
				CLANG_WARN_BLOCK_CAPTURE_AUTORELEASING = YES;
				CLANG_WARN_BOOL_CONVERSION = YES;
				CLANG_WARN_COMMA = YES;
				CLANG_WARN_CONSTANT_CONVERSION = YES;
				CLANG_WARN_DEPRECATED_OBJC_IMPLEMENTATIONS = YES;
				CLANG_WARN_DIRECT_OBJC_ISA_USAGE = YES_ERROR;
				CLANG_WARN_DOCUMENTATION_COMMENTS = YES;
				CLANG_WARN_EMPTY_BODY = YES;
				CLANG_WARN_ENUM_CONVERSION = YES;
				CLANG_WARN_INFINITE_RECURSION = YES;
				CLANG_WARN_INT_CONVERSION = YES;
				CLANG_WARN_NON_LITERAL_NULL_CONVERSION = YES;
				CLANG_WARN_OBJC_IMPLICIT_RETAIN_SELF = YES;
				CLANG_WARN_OBJC_LITERAL_CONVERSION = YES;
				CLANG_WARN_OBJC_ROOT_CLASS = YES_ERROR;
				CLANG_WARN_QUOTED_INCLUDE_IN_FRAMEWORK_HEADER = YES;
				CLANG_WARN_RANGE_LOOP_ANALYSIS = YES;
				CLANG_WARN_STRICT_PROTOTYPES = YES;
				CLANG_WARN_SUSPICIOUS_MOVE = YES;
				CLANG_WARN_UNGUARDED_AVAILABILITY = YES_AGGRESSIVE;
				CLANG_WARN_UNREACHABLE_CODE = YES;
				CLANG_WARN__DUPLICATE_METHOD_MATCH = YES;
				COPY_PHASE_STRIP = NO;
				DEAD_CODE_STRIPPING = YES;
				DEBUG_INFORMATION_FORMAT = dwarf;
				ENABLE_STRICT_OBJC_MSGSEND = YES;
				ENABLE_TESTABILITY = YES;
				ENABLE_USER_SCRIPT_SANDBOXING = YES;
				GCC_C_LANGUAGE_STANDARD = gnu17;
				GCC_DYNAMIC_NO_PIC = NO;
				GCC_NO_COMMON_BLOCKS = YES;
				GCC_OPTIMIZATION_LEVEL = 0;
				GCC_PREPROCESSOR_DEFINITIONS = (
					"DEBUG=1",
					"$(inherited)",
				);
				GCC_WARN_64_TO_32_BIT_CONVERSION = YES;
				GCC_WARN_ABOUT_RETURN_TYPE = YES_ERROR;
				GCC_WARN_UNDECLARED_SELECTOR = YES;
				GCC_WARN_UNINITIALIZED_AUTOS = YES_AGGRESSIVE;
				GCC_WARN_UNUSED_FUNCTION = YES;
				GCC_WARN_UNUSED_VARIABLE = YES;
				LOCALIZATION_PREFERS_STRING_CATALOGS = YES;
				MACOSX_DEPLOYMENT_TARGET = 13.0;
				MTL_ENABLE_DEBUG_INFO = INCLUDE_SOURCE;
				MTL_FAST_MATH = YES;
				ONLY_ACTIVE_ARCH = YES;
				SDKROOT = macosx;
				STRING_CATALOG_GENERATE_SYMBOLS = NO;
				SWIFT_ACTIVE_COMPILATION_CONDITIONS = "DEBUG $(inherited)";
				SWIFT_OPTIMIZATION_LEVEL = "-Onone";
			};
			name = Debug;
		};
		F7000001000000000000005 /* Release */ = {
			isa = XCBuildConfiguration;
			buildSettings = {
				ALWAYS_SEARCH_USER_PATHS = NO;
				ASSETCATALOG_COMPILER_GENERATE_SWIFT_ASSET_SYMBOL_EXTENSIONS = YES;
				DEVELOPMENT_TEAM = SMQ3E8Y57T;
				CLANG_ANALYZER_NONNULL = YES;
				CLANG_ANALYZER_NUMBER_OBJECT_CONVERSION = YES_AGGRESSIVE;
				CLANG_CXX_LANGUAGE_STANDARD = "gnu++20";
				CLANG_ENABLE_MODULES = YES;
				CLANG_ENABLE_OBJC_ARC = YES;
				CLANG_ENABLE_OBJC_WEAK = YES;
				CLANG_WARN_BLOCK_CAPTURE_AUTORELEASING = YES;
				CLANG_WARN_BOOL_CONVERSION = YES;
				CLANG_WARN_COMMA = YES;
				CLANG_WARN_CONSTANT_CONVERSION = YES;
				CLANG_WARN_DEPRECATED_OBJC_IMPLEMENTATIONS = YES;
				CLANG_WARN_DIRECT_OBJC_ISA_USAGE = YES_ERROR;
				CLANG_WARN_DOCUMENTATION_COMMENTS = YES;
				CLANG_WARN_EMPTY_BODY = YES;
				CLANG_WARN_ENUM_CONVERSION = YES;
				CLANG_WARN_INFINITE_RECURSION = YES;
				CLANG_WARN_INT_CONVERSION = YES;
				CLANG_WARN_NON_LITERAL_NULL_CONVERSION = YES;
				CLANG_WARN_OBJC_IMPLICIT_RETAIN_SELF = YES;
				CLANG_WARN_OBJC_LITERAL_CONVERSION = YES;
				CLANG_WARN_OBJC_ROOT_CLASS = YES_ERROR;
				CLANG_WARN_QUOTED_INCLUDE_IN_FRAMEWORK_HEADER = YES;
				CLANG_WARN_RANGE_LOOP_ANALYSIS = YES;
				CLANG_WARN_STRICT_PROTOTYPES = YES;
				CLANG_WARN_SUSPICIOUS_MOVE = YES;
				CLANG_WARN_UNGUARDED_AVAILABILITY = YES_AGGRESSIVE;
				CLANG_WARN_UNREACHABLE_CODE = YES;
				CLANG_WARN__DUPLICATE_METHOD_MATCH = YES;
				COPY_PHASE_STRIP = NO;
				DEAD_CODE_STRIPPING = YES;
				DEBUG_INFORMATION_FORMAT = "dwarf-with-dsym";
				ENABLE_NS_ASSERTIONS = NO;
				ENABLE_STRICT_OBJC_MSGSEND = YES;
				ENABLE_USER_SCRIPT_SANDBOXING = YES;
				GCC_C_LANGUAGE_STANDARD = gnu17;
				GCC_NO_COMMON_BLOCKS = YES;
				GCC_WARN_64_TO_32_BIT_CONVERSION = YES;
				GCC_WARN_ABOUT_RETURN_TYPE = YES_ERROR;
				GCC_WARN_UNDECLARED_SELECTOR = YES;
				GCC_WARN_UNINITIALIZED_AUTOS = YES_AGGRESSIVE;
				GCC_WARN_UNUSED_FUNCTION = YES;
				GCC_WARN_UNUSED_VARIABLE = YES;
				LOCALIZATION_PREFERS_STRING_CATALOGS = YES;
				MACOSX_DEPLOYMENT_TARGET = 13.0;
				MTL_ENABLE_DEBUG_INFO = NO;
				MTL_FAST_MATH = YES;
				SDKROOT = macosx;
				STRING_CATALOG_GENERATE_SYMBOLS = NO;
				SWIFT_COMPILATION_MODE = wholemodule;
			};
			name = Release;
		};
		F7000001000000000000006 /* Debug */ = {
			isa = XCBuildConfiguration;
			buildSettings = {
				ASSETCATALOG_COMPILER_APPICON_NAME = AppIcon;
				ASSETCATALOG_COMPILER_GLOBAL_ACCENT_COLOR_NAME = AccentColor;
				CODE_SIGN_ENTITLEMENTS = "Sources/Threading/Resources/Threading-Debug.entitlements";
				CODE_SIGN_STYLE = Automatic;
				COMBINE_HIDPI_IMAGES = YES;
				CURRENT_PROJECT_VERSION = 0.0.0;
				DEAD_CODE_STRIPPING = YES;
				DEVELOPMENT_TEAM = "";
				ENABLE_APP_SANDBOX = NO;
				ENABLE_HARDENED_RUNTIME = YES;
				ENABLE_USER_SCRIPT_SANDBOXING = NO;
				GENERATE_INFOPLIST_FILE = NO;
				INFOPLIST_FILE = Sources/Threading/Resources/Info.plist;
				INFOPLIST_KEY_CFBundleDisplayName = Threading;
				INFOPLIST_KEY_LSApplicationCategoryType = "public.app-category.developer-tools";
				INFOPLIST_KEY_NSHumanReadableCopyright = "";
				LD_RUNPATH_SEARCH_PATHS = (
					"$(inherited)",
					"@executable_path/../Frameworks",
				);
				MARKETING_VERSION = 0.0.0;
				PRODUCT_BUNDLE_IDENTIFIER = codes.threading;
				PRODUCT_NAME = "$(TARGET_NAME)";
				RUNTIME_EXCEPTION_ALLOW_UNSIGNED_EXECUTABLE_MEMORY = YES;
				RUNTIME_EXCEPTION_DISABLE_LIBRARY_VALIDATION = YES;
				SWIFT_EMIT_LOC_STRINGS = YES;
				SWIFT_STRICT_CONCURRENCY = complete;
				SWIFT_VERSION = 5.0;
			};
			name = Debug;
		};
		F7000001000000000000007 /* Release */ = {
			isa = XCBuildConfiguration;
			buildSettings = {
				ASSETCATALOG_COMPILER_APPICON_NAME = AppIcon;
				ASSETCATALOG_COMPILER_GLOBAL_ACCENT_COLOR_NAME = AccentColor;
				CODE_SIGN_ENTITLEMENTS = Sources/Threading/Resources/Threading.entitlements;
				CODE_SIGN_STYLE = Automatic;
				COMBINE_HIDPI_IMAGES = YES;
				CURRENT_PROJECT_VERSION = 0.0.0;
				DEAD_CODE_STRIPPING = YES;
				DEVELOPMENT_TEAM = SMQ3E8Y57T;
				ENABLE_APP_SANDBOX = NO;
				ENABLE_HARDENED_RUNTIME = YES;
				ENABLE_USER_SCRIPT_SANDBOXING = NO;
				GENERATE_INFOPLIST_FILE = NO;
				INFOPLIST_FILE = Sources/Threading/Resources/Info.plist;
				INFOPLIST_KEY_CFBundleDisplayName = Threading;
				INFOPLIST_KEY_LSApplicationCategoryType = "public.app-category.developer-tools";
				INFOPLIST_KEY_NSHumanReadableCopyright = "";
				LD_RUNPATH_SEARCH_PATHS = (
					"$(inherited)",
					"@executable_path/../Frameworks",
				);
				MARKETING_VERSION = 0.0.0;
				PRODUCT_BUNDLE_IDENTIFIER = codes.threading;
				PRODUCT_NAME = "$(TARGET_NAME)";
				RUNTIME_EXCEPTION_ALLOW_UNSIGNED_EXECUTABLE_MEMORY = YES;
				RUNTIME_EXCEPTION_DISABLE_LIBRARY_VALIDATION = YES;
				SWIFT_EMIT_LOC_STRINGS = YES;
				SWIFT_STRICT_CONCURRENCY = complete;
				SWIFT_VERSION = 5.0;
			};
			name = Release;
		};
		A20000010000000000000007 /* Debug */ = {
			isa = XCBuildConfiguration;
			buildSettings = {
				ASSETCATALOG_COMPILER_ALTERNATE_APPICON_NAMES = (
					AppIconThemeThreading,
					AppIconThemeEditorial,
					AppIconThemeCyberpunk,
					AppIconThemeSwissMinimalist,
					AppIconThemeBauhaus,
					AppIconThemeArtDeco,
					AppIconThemeNeoBrutalism,
					AppIconThemeClaymorphism,
					AppIconThemeVaporwave,
					AppIconThemeNewsprint,
					AppIconThemeBotanical,
					AppIconThemeIndustrial,
					AppIconThemePureBlack,
					AppIconThemeCappuccino,
					AppIconThemeSolarized,
					AppIconThemeNord,
					AppIconThemeDracula,
					AppIconThemePlatinum,
					AppIconThemeAqua,
					AppIconThemeTiger,
					AppIconThemeBeOS,
					AppIconThemeOpenStep,
					AppIconThemeIRIX,
					AppIconThemeAmiga,
					AppIconThemeWindows98,
					AppIconThemeTUI,
					AppIconThemeClassicPlayer,
					AppIconThemeChristmas,
				);
				ASSETCATALOG_COMPILER_APPICON_NAME = AppIcon;
				ASSETCATALOG_COMPILER_INCLUDE_ALL_APPICON_ASSETS = YES;
				APS_ENVIRONMENT = development;
				CODE_SIGN_ENTITLEMENTS = Sources/ThreadingMobile/ThreadingMobile.entitlements;
				CODE_SIGN_STYLE = Automatic;
				CURRENT_PROJECT_VERSION = 1;
				DEVELOPMENT_TEAM = "";
				GENERATE_INFOPLIST_FILE = YES;
				INFOPLIST_KEY_CFBundleDisplayName = Threading;
				INFOPLIST_KEY_ITSAppUsesNonExemptEncryption = YES;
				INFOPLIST_KEY_LSApplicationCategoryType = "public.app-category.developer-tools";
				INFOPLIST_KEY_NSCameraUsageDescription = "Scan a private Threading pairing code shown on your Mac.";
				INFOPLIST_KEY_ThreadingReportIntakeURL = "$(THREADING_REPORT_INTAKE_URL)";
				INFOPLIST_KEY_UIApplicationSceneManifest_Generation = YES;
				INFOPLIST_KEY_UIApplicationSupportsIndirectInputEvents = YES;
				INFOPLIST_KEY_UILaunchScreen_Generation = YES;
				IPHONEOS_DEPLOYMENT_TARGET = 17.0;
				LD_RUNPATH_SEARCH_PATHS = (
					"$(inherited)",
					"@executable_path/Frameworks",
				);
				MARKETING_VERSION = 1.0;
				PRODUCT_BUNDLE_IDENTIFIER = codes.threading.mobile;
				PRODUCT_NAME = "$(TARGET_NAME)";
				SDKROOT = iphoneos;
				SUPPORTED_PLATFORMS = "iphoneos iphonesimulator";
				SUPPORTS_MACCATALYST = NO;
				SWIFT_EMIT_LOC_STRINGS = YES;
				SWIFT_STRICT_CONCURRENCY = complete;
				SWIFT_VERSION = 5.0;
				TARGETED_DEVICE_FAMILY = "1,2";
			};
			name = Debug;
		};
		A20000010000000000000008 /* Release */ = {
			isa = XCBuildConfiguration;
			buildSettings = {
				ASSETCATALOG_COMPILER_ALTERNATE_APPICON_NAMES = (
					AppIconThemeThreading,
					AppIconThemeEditorial,
					AppIconThemeCyberpunk,
					AppIconThemeSwissMinimalist,
					AppIconThemeBauhaus,
					AppIconThemeArtDeco,
					AppIconThemeNeoBrutalism,
					AppIconThemeClaymorphism,
					AppIconThemeVaporwave,
					AppIconThemeNewsprint,
					AppIconThemeBotanical,
					AppIconThemeIndustrial,
					AppIconThemePureBlack,
					AppIconThemeCappuccino,
					AppIconThemeSolarized,
					AppIconThemeNord,
					AppIconThemeDracula,
					AppIconThemePlatinum,
					AppIconThemeAqua,
					AppIconThemeTiger,
					AppIconThemeBeOS,
					AppIconThemeOpenStep,
					AppIconThemeIRIX,
					AppIconThemeAmiga,
					AppIconThemeWindows98,
					AppIconThemeTUI,
					AppIconThemeClassicPlayer,
					AppIconThemeChristmas,
				);
				ASSETCATALOG_COMPILER_APPICON_NAME = AppIcon;
				ASSETCATALOG_COMPILER_INCLUDE_ALL_APPICON_ASSETS = YES;
				APS_ENVIRONMENT = production;
				CODE_SIGN_ENTITLEMENTS = Sources/ThreadingMobile/ThreadingMobile.entitlements;
				CODE_SIGN_STYLE = Automatic;
				CURRENT_PROJECT_VERSION = 1;
				DEVELOPMENT_TEAM = SMQ3E8Y57T;
				GENERATE_INFOPLIST_FILE = YES;
				INFOPLIST_KEY_CFBundleDisplayName = Threading;
				INFOPLIST_KEY_ITSAppUsesNonExemptEncryption = YES;
				INFOPLIST_KEY_LSApplicationCategoryType = "public.app-category.developer-tools";
				INFOPLIST_KEY_NSCameraUsageDescription = "Scan a private Threading pairing code shown on your Mac.";
				INFOPLIST_KEY_ThreadingReportIntakeURL = "$(THREADING_REPORT_INTAKE_URL)";
				INFOPLIST_KEY_UIApplicationSceneManifest_Generation = YES;
				INFOPLIST_KEY_UIApplicationSupportsIndirectInputEvents = YES;
				INFOPLIST_KEY_UILaunchScreen_Generation = YES;
				IPHONEOS_DEPLOYMENT_TARGET = 17.0;
				LD_RUNPATH_SEARCH_PATHS = (
					"$(inherited)",
					"@executable_path/Frameworks",
				);
				MARKETING_VERSION = 1.0;
				PRODUCT_BUNDLE_IDENTIFIER = codes.threading.mobile;
				PRODUCT_NAME = "$(TARGET_NAME)";
				SDKROOT = iphoneos;
				SUPPORTED_PLATFORMS = "iphoneos iphonesimulator";
				SUPPORTS_MACCATALYST = NO;
				SWIFT_EMIT_LOC_STRINGS = YES;
				SWIFT_STRICT_CONCURRENCY = complete;
				SWIFT_VERSION = 5.0;
				TARGETED_DEVICE_FAMILY = "1,2";
			};
			name = Release;
		};
		B2000001000000000000000C /* Debug */ = {
			isa = XCBuildConfiguration;
			buildSettings = {
				BUNDLE_LOADER = "$(TEST_HOST)";
				CODE_SIGN_STYLE = Automatic;
				DEVELOPMENT_TEAM = "";
				GENERATE_INFOPLIST_FILE = YES;
				IPHONEOS_DEPLOYMENT_TARGET = 17.0;
				LD_RUNPATH_SEARCH_PATHS = (
					"$(inherited)",
					"@executable_path/Frameworks",
					"@loader_path/Frameworks",
				);
				PRODUCT_BUNDLE_IDENTIFIER = codes.threading.mobile.tests;
				PRODUCT_NAME = "$(TARGET_NAME)";
				SDKROOT = iphoneos;
				SUPPORTED_PLATFORMS = "iphoneos iphonesimulator";
				SWIFT_EMIT_LOC_STRINGS = NO;
				SWIFT_STRICT_CONCURRENCY = complete;
				SWIFT_VERSION = 5.0;
				TARGETED_DEVICE_FAMILY = "1,2";
				TEST_HOST = "$(BUILT_PRODUCTS_DIR)/ThreadingMobile.app/$(BUNDLE_EXECUTABLE_FOLDER_PATH)/ThreadingMobile";
			};
			name = Debug;
		};
		B2000001000000000000000D /* Release */ = {
			isa = XCBuildConfiguration;
			buildSettings = {
				BUNDLE_LOADER = "$(TEST_HOST)";
				CODE_SIGN_STYLE = Automatic;
				DEVELOPMENT_TEAM = SMQ3E8Y57T;
				GENERATE_INFOPLIST_FILE = YES;
				IPHONEOS_DEPLOYMENT_TARGET = 17.0;
				LD_RUNPATH_SEARCH_PATHS = (
					"$(inherited)",
					"@executable_path/Frameworks",
					"@loader_path/Frameworks",
				);
				PRODUCT_BUNDLE_IDENTIFIER = codes.threading.mobile.tests;
				PRODUCT_NAME = "$(TARGET_NAME)";
				SDKROOT = iphoneos;
				SUPPORTED_PLATFORMS = "iphoneos iphonesimulator";
				SWIFT_EMIT_LOC_STRINGS = NO;
				SWIFT_STRICT_CONCURRENCY = complete;
				SWIFT_VERSION = 5.0;
				TARGETED_DEVICE_FAMILY = "1,2";
				TEST_HOST = "$(BUILT_PRODUCTS_DIR)/ThreadingMobile.app/$(BUNDLE_EXECUTABLE_FOLDER_PATH)/ThreadingMobile";
			};
			name = Release;
		};
		C0D100010000000000000009 /* Debug */ = {
			isa = XCBuildConfiguration;
			buildSettings = {
				CODE_SIGN_STYLE = Automatic;
				DEVELOPMENT_TEAM = "";
				GENERATE_INFOPLIST_FILE = YES;
				LD_RUNPATH_SEARCH_PATHS = (
					"$(inherited)",
					"@executable_path/../Frameworks",
					"@loader_path/../Frameworks",
				);
				MACOSX_DEPLOYMENT_TARGET = 13.0;
				PRODUCT_BUNDLE_IDENTIFIER = codes.threading.ui-tests;
				PRODUCT_NAME = "$(TARGET_NAME)";
				SDKROOT = macosx;
				SWIFT_EMIT_LOC_STRINGS = NO;
				SWIFT_STRICT_CONCURRENCY = complete;
				SWIFT_VERSION = 5.0;
				TEST_TARGET_NAME = Threading;
			};
			name = Debug;
		};
		C0D10001000000000000000A /* Release */ = {
			isa = XCBuildConfiguration;
			buildSettings = {
				CODE_SIGN_STYLE = Automatic;
				DEVELOPMENT_TEAM = SMQ3E8Y57T;
				GENERATE_INFOPLIST_FILE = YES;
				LD_RUNPATH_SEARCH_PATHS = (
					"$(inherited)",
					"@executable_path/../Frameworks",
					"@loader_path/../Frameworks",
				);
				MACOSX_DEPLOYMENT_TARGET = 13.0;
				PRODUCT_BUNDLE_IDENTIFIER = codes.threading.ui-tests;
				PRODUCT_NAME = "$(TARGET_NAME)";
				SDKROOT = macosx;
				SWIFT_EMIT_LOC_STRINGS = NO;
				SWIFT_STRICT_CONCURRENCY = complete;
				SWIFT_VERSION = 5.0;
				TEST_TARGET_NAME = Threading;
			};
			name = Release;
		};
/* End XCBuildConfiguration section */

/* Begin XCConfigurationList section */
		7A0000010000000000000083 /* Build configuration list for PBXNativeTarget "ThreadingWasmExtensionRunner" */ = {
			isa = XCConfigurationList;
			buildConfigurations = (
				7A0000010000000000000082 /* Release */,
				7A0000010000000000000081 /* Debug */,
			);
			defaultConfigurationIsVisible = 0;
			defaultConfigurationName = Release;
		};
		091BD013A1E26748129E077F /* Build configuration list for PBXNativeTarget "ThreadingExtensionHelper" */ = {
			isa = XCConfigurationList;
			buildConfigurations = (
				D7A6EB9391AC48FF393D7B6F /* Release */,
				D3203469E1C36D64E4761E9D /* Debug */,
			);
			defaultConfigurationIsVisible = 0;
			defaultConfigurationName = Release;
		};
		513BC3CC78594F6C9DFC61E0 /* Build configuration list for PBXNativeTarget "ThreadingExtensionHelperNetwork" */ = {
			isa = XCConfigurationList;
			buildConfigurations = (
				42E68C88D65AA8EAE7E7206F /* Release */,
				4D581B8242E06AB691820CF1 /* Debug */,
			);
			defaultConfigurationIsVisible = 0;
			defaultConfigurationName = Release;
		};
		61DA317B0D969A1DC194B4C8 /* Build configuration list for PBXNativeTarget "ThreadingTests" */ = {
			isa = XCConfigurationList;
			buildConfigurations = (
				749F6BEEACCEE7D0BB1D2F91 /* Release */,
				C663059E0D7D5F7C061F7848 /* Debug */,
			);
			defaultConfigurationIsVisible = 0;
			defaultConfigurationName = Release;
		};
		D2E00001000000000000000B /* Build configuration list for PBXNativeTarget "ThreadingNotificationE2ETests" */ = {
			isa = XCConfigurationList;
			buildConfigurations = (
				D2E00001000000000000000A /* Release */,
				D2E000010000000000000009 /* Debug */,
			);
			defaultConfigurationIsVisible = 0;
			defaultConfigurationName = Release;
		};
		F7000001000000000000001 /* Build configuration list for PBXProject "Threading" */ = {
			isa = XCConfigurationList;
			buildConfigurations = (
				F7000001000000000000004 /* Debug */,
				F7000001000000000000005 /* Release */,
			);
			defaultConfigurationIsVisible = 0;
			defaultConfigurationName = Release;
		};
		F7000001000000000000003 /* Build configuration list for PBXNativeTarget "Threading" */ = {
			isa = XCConfigurationList;
			buildConfigurations = (
				F7000001000000000000006 /* Debug */,
				F7000001000000000000007 /* Release */,
			);
			defaultConfigurationIsVisible = 0;
			defaultConfigurationName = Release;
		};
		A20000010000000000000006 /* Build configuration list for PBXNativeTarget "ThreadingMobile" */ = {
			isa = XCConfigurationList;
			buildConfigurations = (
				A20000010000000000000007 /* Debug */,
				A20000010000000000000008 /* Release */,
			);
			defaultConfigurationIsVisible = 0;
			defaultConfigurationName = Release;
		};
		B2000001000000000000000E /* Build configuration list for PBXNativeTarget "ThreadingMobileTests" */ = {
			isa = XCConfigurationList;
			buildConfigurations = (
				B2000001000000000000000C /* Debug */,
				B2000001000000000000000D /* Release */,
			);
			defaultConfigurationIsVisible = 0;
			defaultConfigurationName = Release;
		};
		C0D10001000000000000000B /* Build configuration list for PBXNativeTarget "ThreadingUITests" */ = {
			isa = XCConfigurationList;
			buildConfigurations = (
				C0D100010000000000000009 /* Debug */,
				C0D10001000000000000000A /* Release */,
			);
			defaultConfigurationIsVisible = 0;
			defaultConfigurationName = Release;
		};
/* End XCConfigurationList section */

/* Begin XCLocalSwiftPackageReference section */
		F4000001000000000000002 /* XCLocalSwiftPackageReference "SwiftTerm" */ = {
			isa = XCLocalSwiftPackageReference;
			relativePath = Packages/Vendor/SwiftTerm;
		};
		F4000001000000000000004 /* XCLocalSwiftPackageReference "ThinkingOrbs" */ = {
			isa = XCLocalSwiftPackageReference;
			relativePath = Packages/Vendor/ThinkingOrbs;
		};
		F4000001000000000000006 /* XCLocalSwiftPackageReference "LabelMorph" */ = {
			isa = XCLocalSwiftPackageReference;
			relativePath = Packages/Vendor/LabelMorph;
		};
		F4000001000000000000012 /* XCLocalSwiftPackageReference "BorderBeamKit" */ = {
			isa = XCLocalSwiftPackageReference;
			relativePath = Packages/Vendor/BorderBeamKit;
		};
		F4000001000000000000008 /* XCLocalSwiftPackageReference "ThreadingExtensionKit" */ = {
			isa = XCLocalSwiftPackageReference;
			relativePath = Packages/ThreadingExtensionKit;
		};
		F4000001000000000000010 /* XCLocalSwiftPackageReference "ThreadingRemoteKit" */ = {
			isa = XCLocalSwiftPackageReference;
			relativePath = Packages/ThreadingRemoteKit;
		};
		D0A100010000000000000002 /* XCLocalSwiftPackageReference "ThreadingDomain" */ = {
			isa = XCLocalSwiftPackageReference;
			relativePath = Packages/ThreadingDomain;
		};
		D3EE00010000000000000003 /* XCLocalSwiftPackageReference "ThreadingPeerTransport" */ = {
			isa = XCLocalSwiftPackageReference;
			relativePath = Packages/ThreadingPeerTransport;
		};
		7A0000010000000000000090 /* XCLocalSwiftPackageReference "ThreadingWasmRuntime" */ = {
			isa = XCLocalSwiftPackageReference;
			relativePath = Packages/ThreadingWasmRuntime;
		};
/* End XCLocalSwiftPackageReference section */

/* Begin XCRemoteSwiftPackageReference section */
		5AAA00010000000000000020 /* XCRemoteSwiftPackageReference "Sparkle" */ = {
			isa = XCRemoteSwiftPackageReference;
			repositoryURL = "https://github.com/sparkle-project/Sparkle";
			requirement = {
				kind = upToNextMinorVersion;
				minimumVersion = 2.9.4;
			};
		};
		D1FF00010000000000000020 /* XCRemoteSwiftPackageReference "NativeDiffKit" */ = {
			isa = XCRemoteSwiftPackageReference;
			repositoryURL = "https://github.com/everlof/NativeDiffKit.git";
			requirement = {
				kind = upToNextMinorVersion;
				minimumVersion = 0.1.1;
			};
		};
/* End XCRemoteSwiftPackageReference section */

/* Begin XCSwiftPackageProductDependency section */
		5AAA00010000000000000001 /* Sparkle */ = {
			isa = XCSwiftPackageProductDependency;
			package = 5AAA00010000000000000020 /* XCRemoteSwiftPackageReference "Sparkle" */;
			productName = Sparkle;
		};
		F4000001000000000000001 /* SwiftTerm */ = {
			isa = XCSwiftPackageProductDependency;
			productName = SwiftTerm;
		};
		F4000001000000000000003 /* ThinkingOrbs */ = {
			isa = XCSwiftPackageProductDependency;
			productName = ThinkingOrbs;
		};
		F4000001000000000000005 /* LabelMorph */ = {
			isa = XCSwiftPackageProductDependency;
			productName = LabelMorph;
		};
		F4000001000000000000011 /* BorderBeamKit */ = {
			isa = XCSwiftPackageProductDependency;
			productName = BorderBeamKit;
		};
		F4000001000000000000007 /* ThreadingExtensionKit */ = {
			isa = XCSwiftPackageProductDependency;
			productName = ThreadingExtensionKit;
		};
		F4000001000000000000009 /* ThreadingRemoteKit */ = {
			isa = XCSwiftPackageProductDependency;
			productName = ThreadingRemoteKit;
		};
		D0A100010000000000000003 /* ThreadingDomain */ = {
			isa = XCSwiftPackageProductDependency;
			productName = ThreadingDomain;
		};
		A20000010000000000000010 /* SwiftTerm */ = {
			isa = XCSwiftPackageProductDependency;
			productName = SwiftTerm;
		};
		A20000010000000000000011 /* ThreadingRemoteKit */ = {
			isa = XCSwiftPackageProductDependency;
			productName = ThreadingRemoteKit;
		};
		D3EE00010000000000000004 /* ThreadingPeerTransport */ = {
			isa = XCSwiftPackageProductDependency;
			productName = ThreadingPeerTransport;
		};
		D3EE00010000000000000005 /* ThreadingPeerTransport */ = {
			isa = XCSwiftPackageProductDependency;
			productName = ThreadingPeerTransport;
		};
		D1FF00010000000000000001 /* NativeDiffCore */ = {
			isa = XCSwiftPackageProductDependency;
			productName = NativeDiffCore;
		};
		D1FF00010000000000000002 /* NativeDiffAppKit */ = {
			isa = XCSwiftPackageProductDependency;
			productName = NativeDiffAppKit;
		};
		D1FF00010000000000000003 /* NativeDiffCore */ = {
			isa = XCSwiftPackageProductDependency;
			productName = NativeDiffCore;
		};
		D1FF00010000000000000004 /* NativeDiffUIKit */ = {
			isa = XCSwiftPackageProductDependency;
			productName = NativeDiffUIKit;
		};
		7A0000010000000000000091 /* ThreadingWasmRuntime */ = {
			isa = XCSwiftPackageProductDependency;
			productName = ThreadingWasmRuntime;
		};
/* End XCSwiftPackageProductDependency section */
	};
	rootObject = F8000001000000000000001 /* Project object */;
}
